{
  "version": 4,
  "terraform_version": "1.3.4",
  "serial": 318,
  "lineage": "5d1b7028-3d1f-609f-da8e-cb8f7c86f69d",
  "outputs": {},
  "resources": [
    {
      "mode": "data",
      "type": "aws_ami",
      "name": "amazon_linux",
      "provider": "provider[\"registry.terraform.io/hashicorp/aws\"]",
      "instances": [
        {
          "schema_version": 0,
          "attributes": {
            "architecture": "x86_64",
            "arn": "arn:aws:ec2:eu-west-3::image/ami-03c2abbbe8af9a7e6",
            "block_device_mappings": [
              {
                "device_name": "/dev/xvda",
                "ebs": {
                  "delete_on_termination": "true",
                  "encrypted": "false",
                  "iops": "0",
                  "snapshot_id": "snap-022985eb740fb4f8e",
                  "throughput": "0",
                  "volume_size": "8",
                  "volume_type": "gp2"
                },
                "no_device": "",
                "virtual_name": ""
              }
            ],
            "boot_mode": "",
            "creation_date": "2022-11-14T23:00:15.000Z",
            "deprecation_time": "2024-11-14T23:00:15.000Z",
            "description": "Amazon Linux 2 AMI 2.0.20221103.3 x86_64 HVM gp2",
            "ena_support": true,
            "executable_users": null,
            "filter": [
              {
                "name": "architecture",
                "values": [
                  "x86_64"
                ]
              },
              {
                "name": "name",
                "values": [
                  "amzn2-ami-hvm-*-gp2"
                ]
              },
              {
                "name": "root-device-type",
                "values": [
                  "ebs"
                ]
              },
              {
                "name": "virtualization-type",
                "values": [
                  "hvm"
                ]
              }
            ],
            "hypervisor": "xen",
            "id": "ami-03c2abbbe8af9a7e6",
            "image_id": "ami-03c2abbbe8af9a7e6",
            "image_location": "amazon/amzn2-ami-hvm-2.0.20221103.3-x86_64-gp2",
            "image_owner_alias": "amazon",
            "image_type": "machine",
            "imds_support": "",
            "include_deprecated": false,
            "kernel_id": "",
            "most_recent": true,
            "name": "amzn2-ami-hvm-2.0.20221103.3-x86_64-gp2",
            "name_regex": null,
            "owner_id": "137112412989",
            "owners": [
              "amazon"
            ],
            "platform": "",
            "platform_details": "Linux/UNIX",
            "product_codes": [],
            "public": true,
            "ramdisk_id": "",
            "root_device_name": "/dev/xvda",
            "root_device_type": "ebs",
            "root_snapshot_id": "snap-022985eb740fb4f8e",
            "sriov_net_support": "simple",
            "state": "available",
            "state_reason": {
              "code": "UNSET",
              "message": "UNSET"
            },
            "tags": {},
            "timeouts": null,
            "tpm_support": "",
            "usage_operation": "RunInstances",
            "virtualization_type": "hvm"
          },
          "sensitive_attributes": []
        }
      ]
    },
    {
      "mode": "data",
      "type": "aws_availability_zones",
      "name": "available",
      "provider": "provider[\"registry.terraform.io/hashicorp/aws\"]",
      "instances": [
        {
          "schema_version": 0,
          "attributes": {
            "all_availability_zones": null,
            "exclude_names": null,
            "exclude_zone_ids": null,
            "filter": null,
            "group_names": [
              "eu-west-3"
            ],
            "id": "eu-west-3",
            "names": [
              "eu-west-3a",
              "eu-west-3b",
              "eu-west-3c"
            ],
            "state": "available",
            "timeouts": null,
            "zone_ids": [
              "euw3-az1",
              "euw3-az2",
              "euw3-az3"
            ]
          },
          "sensitive_attributes": []
        }
      ]
    },
    {
      "mode": "managed",
      "type": "aws_db_instance",
      "name": "recred",
      "provider": "provider[\"registry.terraform.io/hashicorp/aws\"]",
      "instances": [
        {
          "schema_version": 1,
          "attributes": {
            "address": "recred.cf7mfnw7jhnc.eu-west-3.rds.amazonaws.com",
            "allocated_storage": 200,
            "allow_major_version_upgrade": null,
            "apply_immediately": null,
            "arn": "arn:aws:rds:eu-west-3:465843813700:db:recred",
            "auto_minor_version_upgrade": true,
            "availability_zone": "eu-west-3a",
            "backup_retention_period": 0,
            "backup_window": "07:45-08:15",
            "ca_cert_identifier": "rds-ca-2019",
            "character_set_name": "",
            "copy_tags_to_snapshot": false,
            "custom_iam_instance_profile": "",
            "customer_owned_ip_enabled": false,
            "db_name": "recred",
            "db_subnet_group_name": "recred_private",
            "delete_automated_backups": true,
            "deletion_protection": false,
            "domain": "",
            "domain_iam_role_name": "",
            "enabled_cloudwatch_logs_exports": [],
            "endpoint": "recred.cf7mfnw7jhnc.eu-west-3.rds.amazonaws.com:5432",
            "engine": "postgres",
            "engine_version": "14.4",
            "engine_version_actual": "14.4",
            "final_snapshot_identifier": null,
            "hosted_zone_id": "ZMESEXB7ZGGQ3",
            "iam_database_authentication_enabled": false,
            "id": "recred",
            "identifier": "recred",
            "identifier_prefix": "",
            "instance_class": "db.t3.micro",
            "iops": 0,
            "kms_key_id": "",
            "latest_restorable_time": "",
            "license_model": "postgresql-license",
            "maintenance_window": "tue:01:44-tue:02:14",
            "max_allocated_storage": 0,
            "monitoring_interval": 0,
            "monitoring_role_arn": "",
            "multi_az": false,
            "name": "recred",
            "nchar_character_set_name": "",
            "network_type": "IPV4",
            "option_group_name": "default:postgres-14",
            "parameter_group_name": "recred",
            "password": "HkVdigcry0T4CGf00Xt1g3g1ZlZkORgHxRrxQBt7M8y0yQ54EQ",
            "performance_insights_enabled": false,
            "performance_insights_kms_key_id": "",
            "performance_insights_retention_period": 0,
            "port": 5432,
            "publicly_accessible": false,
            "replica_mode": "",
            "replicas": [],
            "replicate_source_db": "",
            "resource_id": "db-CRHU4F57226NMNADNKZRKOOY7A",
            "restore_to_point_in_time": [],
            "s3_import": [],
            "security_group_names": [],
            "skip_final_snapshot": true,
            "snapshot_identifier": null,
            "status": "available",
            "storage_encrypted": false,
            "storage_type": "gp2",
            "tags": {},
            "tags_all": {},
            "timeouts": null,
            "timezone": "",
            "username": "recred",
            "vpc_security_group_ids": [
              "sg-0d5d9078ab1a067d5"
            ]
          },
          "sensitive_attributes": [
            [
              {
                "type": "get_attr",
                "value": "password"
              }
            ]
          ],
          "private": "eyJlMmJmYjczMC1lY2FhLTExZTYtOGY4OC0zNDM2M2JjN2M0YzAiOnsiY3JlYXRlIjoyNDAwMDAwMDAwMDAwLCJkZWxldGUiOjM2MDAwMDAwMDAwMDAsInVwZGF0ZSI6NDgwMDAwMDAwMDAwMH0sInNjaGVtYV92ZXJzaW9uIjoiMSJ9",
          "dependencies": [
            "aws_db_parameter_group.recred",
            "aws_db_subnet_group.recred_private",
            "aws_security_group.recred_db",
            "aws_security_group.recred_service",
            "aws_subnet.recred_private",
            "aws_vpc.recred",
            "data.aws_availability_zones.available"
          ]
        }
      ]
    },
    {
      "mode": "managed",
      "type": "aws_db_parameter_group",
      "name": "recred",
      "provider": "provider[\"registry.terraform.io/hashicorp/aws\"]",
      "instances": [
        {
          "schema_version": 0,
          "attributes": {
            "arn": "arn:aws:rds:eu-west-3:465843813700:pg:recred",
            "description": "Managed by Terraform",
            "family": "postgres14",
            "id": "recred",
            "name": "recred",
            "name_prefix": null,
            "parameter": [
              {
                "apply_method": "immediate",
                "name": "log_connections",
                "value": "1"
              }
            ],
            "tags": {},
            "tags_all": {}
          },
          "sensitive_attributes": [],
          "private": "bnVsbA=="
        }
      ]
    },
    {
      "mode": "managed",
      "type": "aws_db_subnet_group",
      "name": "recred_private",
      "provider": "provider[\"registry.terraform.io/hashicorp/aws\"]",
      "instances": [
        {
          "schema_version": 0,
          "attributes": {
            "arn": "arn:aws:rds:eu-west-3:465843813700:subgrp:recred_private",
            "description": "DB subnet group",
            "id": "recred_private",
            "name": "recred_private",
            "name_prefix": "",
            "subnet_ids": [
              "subnet-01df154bda50c9b0b",
              "subnet-0f4c73cc53b46818b"
            ],
            "supported_network_types": [
              "IPV4"
            ],
            "tags": {
              "Name": "recred_private"
            },
            "tags_all": {
              "Name": "recred_private"
            }
          },
          "sensitive_attributes": [],
          "private": "bnVsbA==",
          "dependencies": [
            "aws_subnet.recred_private",
            "aws_vpc.recred",
            "data.aws_availability_zones.available"
          ]
        }
      ]
    },
    {
      "mode": "managed",
      "type": "aws_eip",
      "name": "recred",
      "provider": "provider[\"registry.terraform.io/hashicorp/aws\"]",
      "instances": [
        {
          "index_key": 0,
          "schema_version": 0,
          "attributes": {
            "address": null,
            "allocation_id": "eipalloc-0eda454e3ec25c4cc",
            "associate_with_private_ip": null,
            "association_id": "eipassoc-03feaf5b796bd6657",
            "carrier_ip": "",
            "customer_owned_ip": "",
            "customer_owned_ipv4_pool": "",
            "domain": "vpc",
            "id": "eipalloc-0eda454e3ec25c4cc",
            "instance": "i-0426d26bcc92d33bc",
            "network_border_group": "eu-west-3",
            "network_interface": "eni-0755be9eb854e7df7",
            "private_dns": "ip-10-0-1-141.eu-west-3.compute.internal",
            "private_ip": "10.0.1.141",
            "public_dns": "ec2-13-37-37-21.eu-west-3.compute.amazonaws.com",
            "public_ip": "13.37.37.21",
            "public_ipv4_pool": "amazon",
            "tags": {
              "Name": "recred_eip_0"
            },
            "tags_all": {
              "Name": "recred_eip_0"
            },
            "timeouts": null,
            "vpc": true
          },
          "sensitive_attributes": [],
          "private": "eyJlMmJmYjczMC1lY2FhLTExZTYtOGY4OC0zNDM2M2JjN2M0YzAiOnsiZGVsZXRlIjoxODAwMDAwMDAwMDAsInJlYWQiOjkwMDAwMDAwMDAwMCwidXBkYXRlIjozMDAwMDAwMDAwMDB9fQ==",
          "dependencies": [
            "aws_instance.recred",
            "aws_key_pair.recred",
            "aws_security_group.recred_service",
            "aws_subnet.recred_public",
            "aws_vpc.recred",
            "data.aws_ami.amazon_linux",
            "data.aws_availability_zones.available",
            "tls_private_key.recred"
          ]
        }
      ]
    },
    {
      "mode": "managed",
      "type": "aws_instance",
      "name": "recred",
      "provider": "provider[\"registry.terraform.io/hashicorp/aws\"]",
      "instances": [
        {
          "index_key": 0,
          "schema_version": 1,
          "attributes": {
            "ami": "ami-03c2abbbe8af9a7e6",
            "arn": "arn:aws:ec2:eu-west-3:465843813700:instance/i-0426d26bcc92d33bc",
            "associate_public_ip_address": true,
            "availability_zone": "eu-west-3a",
            "capacity_reservation_specification": [
              {
                "capacity_reservation_preference": "open",
                "capacity_reservation_target": []
              }
            ],
            "cpu_core_count": 1,
            "cpu_threads_per_core": 1,
            "credit_specification": [
              {
                "cpu_credits": "standard"
              }
            ],
            "disable_api_stop": false,
            "disable_api_termination": false,
            "ebs_block_device": [],
            "ebs_optimized": false,
            "enclave_options": [
              {
                "enabled": false
              }
            ],
            "ephemeral_block_device": [],
            "get_password_data": false,
            "hibernation": false,
            "host_id": null,
            "host_resource_group_arn": null,
            "iam_instance_profile": "",
            "id": "i-0426d26bcc92d33bc",
            "instance_initiated_shutdown_behavior": "stop",
            "instance_state": "running",
            "instance_type": "t2.micro",
            "ipv6_address_count": 0,
            "ipv6_addresses": [],
            "key_name": "recred",
            "launch_template": [],
            "maintenance_options": [
              {
                "auto_recovery": "default"
              }
            ],
            "metadata_options": [
              {
                "http_endpoint": "enabled",
                "http_put_response_hop_limit": 1,
                "http_tokens": "optional",
                "instance_metadata_tags": "disabled"
              }
            ],
            "monitoring": false,
            "network_interface": [],
            "outpost_arn": "",
            "password_data": "",
            "placement_group": "",
            "placement_partition_number": null,
            "primary_network_interface_id": "eni-0755be9eb854e7df7",
            "private_dns": "ip-10-0-1-141.eu-west-3.compute.internal",
            "private_dns_name_options": [
              {
                "enable_resource_name_dns_a_record": false,
                "enable_resource_name_dns_aaaa_record": false,
                "hostname_type": "ip-name"
              }
            ],
            "private_ip": "10.0.1.141",
            "public_dns": "ec2-13-37-37-21.eu-west-3.compute.amazonaws.com",
            "public_ip": "13.37.37.21",
            "root_block_device": [
              {
                "delete_on_termination": true,
                "device_name": "/dev/xvda",
                "encrypted": false,
                "iops": 100,
                "kms_key_id": "",
                "tags": {},
                "throughput": 0,
                "volume_id": "vol-0c963668154437533",
                "volume_size": 8,
                "volume_type": "gp2"
              }
            ],
            "secondary_private_ips": [],
            "security_groups": [],
            "source_dest_check": true,
            "subnet_id": "subnet-037eee15d4678bede",
            "tags": {
              "Name": "recred_0"
            },
            "tags_all": {
              "Name": "recred_0"
            },
            "tenancy": "default",
            "timeouts": null,
            "user_data": null,
            "user_data_base64": null,
            "user_data_replace_on_change": false,
            "volume_tags": null,
            "vpc_security_group_ids": [
              "sg-05c3019942b699764"
            ]
          },
          "sensitive_attributes": [],
          "private": "eyJlMmJmYjczMC1lY2FhLTExZTYtOGY4OC0zNDM2M2JjN2M0YzAiOnsiY3JlYXRlIjo2MDAwMDAwMDAwMDAsImRlbGV0ZSI6MTIwMDAwMDAwMDAwMCwidXBkYXRlIjo2MDAwMDAwMDAwMDB9LCJzY2hlbWFfdmVyc2lvbiI6IjEifQ==",
          "dependencies": [
            "aws_key_pair.recred",
            "aws_security_group.recred_service",
            "aws_subnet.recred_public",
            "aws_vpc.recred",
            "data.aws_ami.amazon_linux",
            "data.aws_availability_zones.available",
            "tls_private_key.recred"
          ]
        }
      ]
    },
    {
      "mode": "managed",
      "type": "aws_internet_gateway",
      "name": "recred",
      "provider": "provider[\"registry.terraform.io/hashicorp/aws\"]",
      "instances": [
        {
          "schema_version": 0,
          "attributes": {
            "arn": "arn:aws:ec2:eu-west-3:465843813700:internet-gateway/igw-001db1c3be51a3028",
            "id": "igw-001db1c3be51a3028",
            "owner_id": "465843813700",
            "tags": {
              "Name": "recred"
            },
            "tags_all": {
              "Name": "recred"
            },
            "timeouts": null,
            "vpc_id": "vpc-084e01c834fb989e0"
          },
          "sensitive_attributes": [],
          "private": "eyJlMmJmYjczMC1lY2FhLTExZTYtOGY4OC0zNDM2M2JjN2M0YzAiOnsiY3JlYXRlIjoxMjAwMDAwMDAwMDAwLCJkZWxldGUiOjEyMDAwMDAwMDAwMDAsInVwZGF0ZSI6MTIwMDAwMDAwMDAwMH19",
          "dependencies": [
            "aws_vpc.recred"
          ]
        }
      ]
    },
    {
      "mode": "managed",
      "type": "aws_key_pair",
      "name": "recred",
      "provider": "provider[\"registry.terraform.io/hashicorp/aws\"]",
      "instances": [
        {
          "schema_version": 1,
          "attributes": {
            "arn": "arn:aws:ec2:eu-west-3:465843813700:key-pair/recred",
            "fingerprint": "0e:c0:06:4c:38:14:50:25:77:6b:a9:9b:d8:ca:ab:9b",
            "id": "recred",
            "key_name": "recred",
            "key_name_prefix": "",
            "key_pair_id": "key-0efc8d43b07821c74",
            "key_type": "rsa",
            "public_key": "ssh-rsa AAAAB3NzaC1yc2EAAAADAQABAAACAQC+u+sxZ42bv8whyp94TN6U9o09AJhtWCdiHy8XskLo07IFqjOUZBx9U5gWsmrcLq1XOjqEHvdOCWbtntfZJpwue5Tm6f1B68INQHk2AAUVWFOSXYBMymDWU3/O81VWJTfAIIvViU+Jq0x6xD0ROBe0AV76x8APJz9/zL7mNR4n3umEGaACu715KwQ26zIrHr20yE1wY/MIdvzHURjs3uOr0eJ22WhOd6d6HfLZY8u9Z8zSzHEwdZHvTh93IxhcYPTtCIr61nIL7SQ/E2Yejf7Hkaf9oZ+vSULmDg+b5HazrjwVSOjoMXt5IJzgGZNDNhT77xvDuVzxUJuuOw4xo4V48cZIxwMtlNDGMvuXifaqpVWQ/lJErRfz7QuEqUiHjkzVW2f5CqxKc5xrhll2tWi215ktHi8WIGKn5CX5TbRcUanxDG9W1C29rPadwVlM8Mkpe9xx3Ob1JALOwn+1pi5ZLZNEZfxrSoWKlRlvpZdEr0HclCSEEh792RI+nRKGPC+tIhS6qB0+0nVF7MSvBRTl/+zZ5b4wWTyFfctNpEWVOzkPr4tmPZuxWWemyaOoonnl8f8/EWmfZFcahehi3xPC61uZVPDPOgxg0CF5htHNK5dyncRyptU0FiJJwxifH3A/Kz1nWzOYjAmTxnrnI+pzv8AKlT99WNJ+QEz0/tJuWQ==",
            "tags": {},
            "tags_all": {}
          },
          "sensitive_attributes": [],
          "private": "eyJzY2hlbWFfdmVyc2lvbiI6IjEifQ==",
          "dependencies": [
            "tls_private_key.recred"
          ]
        }
      ]
    },
    {
      "mode": "managed",
      "type": "aws_route_table",
      "name": "recred_private",
      "provider": "provider[\"registry.terraform.io/hashicorp/aws\"]",
      "instances": [
        {
          "schema_version": 0,
          "attributes": {
            "arn": "arn:aws:ec2:eu-west-3:465843813700:route-table/rtb-0b55163e7e7d21e5b",
            "id": "rtb-0b55163e7e7d21e5b",
            "owner_id": "465843813700",
            "propagating_vgws": [],
            "route": [],
            "tags": {
              "Name": "recred_private"
            },
            "tags_all": {
              "Name": "recred_private"
            },
            "timeouts": null,
            "vpc_id": "vpc-084e01c834fb989e0"
          },
          "sensitive_attributes": [],
          "private": "eyJlMmJmYjczMC1lY2FhLTExZTYtOGY4OC0zNDM2M2JjN2M0YzAiOnsiY3JlYXRlIjozMDAwMDAwMDAwMDAsImRlbGV0ZSI6MzAwMDAwMDAwMDAwLCJ1cGRhdGUiOjEyMDAwMDAwMDAwMH19",
          "dependencies": [
            "aws_vpc.recred"
          ]
        }
      ]
    },
    {
      "mode": "managed",
      "type": "aws_route_table",
      "name": "recred_public",
      "provider": "provider[\"registry.terraform.io/hashicorp/aws\"]",
      "instances": [
        {
          "schema_version": 0,
          "attributes": {
            "arn": "arn:aws:ec2:eu-west-3:465843813700:route-table/rtb-060d9f7e587b294a4",
            "id": "rtb-060d9f7e587b294a4",
            "owner_id": "465843813700",
            "propagating_vgws": [],
            "route": [
              {
                "carrier_gateway_id": "",
                "cidr_block": "0.0.0.0/0",
                "core_network_arn": "",
                "destination_prefix_list_id": "",
                "egress_only_gateway_id": "",
                "gateway_id": "igw-001db1c3be51a3028",
                "instance_id": "",
                "ipv6_cidr_block": "",
                "local_gateway_id": "",
                "nat_gateway_id": "",
                "network_interface_id": "",
                "transit_gateway_id": "",
                "vpc_endpoint_id": "",
                "vpc_peering_connection_id": ""
              }
            ],
            "tags": {
              "Name": "recred_public"
            },
            "tags_all": {
              "Name": "recred_public"
            },
            "timeouts": null,
            "vpc_id": "vpc-084e01c834fb989e0"
          },
          "sensitive_attributes": [],
          "private": "eyJlMmJmYjczMC1lY2FhLTExZTYtOGY4OC0zNDM2M2JjN2M0YzAiOnsiY3JlYXRlIjozMDAwMDAwMDAwMDAsImRlbGV0ZSI6MzAwMDAwMDAwMDAwLCJ1cGRhdGUiOjEyMDAwMDAwMDAwMH19",
          "dependencies": [
            "aws_internet_gateway.recred",
            "aws_vpc.recred"
          ]
        }
      ]
    },
    {
      "mode": "managed",
      "type": "aws_route_table_association",
      "name": "recred_private",
      "provider": "provider[\"registry.terraform.io/hashicorp/aws\"]",
      "instances": [
        {
          "index_key": 0,
          "schema_version": 0,
          "attributes": {
            "gateway_id": "",
            "id": "rtbassoc-08ae6482acdfd097a",
            "route_table_id": "rtb-0b55163e7e7d21e5b",
            "subnet_id": "subnet-0f4c73cc53b46818b"
          },
          "sensitive_attributes": [],
          "private": "bnVsbA==",
          "dependencies": [
            "aws_route_table.recred_private",
            "aws_subnet.recred_private",
            "aws_vpc.recred",
            "data.aws_availability_zones.available"
          ]
        },
        {
          "index_key": 1,
          "schema_version": 0,
          "attributes": {
            "gateway_id": "",
            "id": "rtbassoc-00e94a0cfec7ac7b0",
            "route_table_id": "rtb-0b55163e7e7d21e5b",
            "subnet_id": "subnet-01df154bda50c9b0b"
          },
          "sensitive_attributes": [],
          "private": "bnVsbA==",
          "dependencies": [
            "aws_route_table.recred_private",
            "aws_subnet.recred_private",
            "aws_vpc.recred",
            "data.aws_availability_zones.available"
          ]
        }
      ]
    },
    {
      "mode": "managed",
      "type": "aws_route_table_association",
      "name": "recred_public",
      "provider": "provider[\"registry.terraform.io/hashicorp/aws\"]",
      "instances": [
        {
          "index_key": 0,
          "schema_version": 0,
          "attributes": {
            "gateway_id": "",
            "id": "rtbassoc-03693649c46a290b0",
            "route_table_id": "rtb-060d9f7e587b294a4",
            "subnet_id": "subnet-037eee15d4678bede"
          },
          "sensitive_attributes": [],
          "private": "bnVsbA==",
          "dependencies": [
            "aws_internet_gateway.recred",
            "aws_route_table.recred_public",
            "aws_subnet.recred_public",
            "aws_vpc.recred",
            "data.aws_availability_zones.available"
          ]
        }
      ]
    },
    {
      "mode": "managed",
      "type": "aws_security_group",
      "name": "recred_db",
      "provider": "provider[\"registry.terraform.io/hashicorp/aws\"]",
      "instances": [
        {
          "schema_version": 1,
          "attributes": {
            "arn": "arn:aws:ec2:eu-west-3:465843813700:security-group/sg-0d5d9078ab1a067d5",
            "description": "Security group for recred databases",
            "egress": [],
            "id": "sg-0d5d9078ab1a067d5",
            "ingress": [
              {
                "cidr_blocks": [],
                "description": "Allow postgres traffic from only recred service",
                "from_port": 5432,
                "ipv6_cidr_blocks": [],
                "prefix_list_ids": [],
                "protocol": "tcp",
                "security_groups": [
                  "sg-05c3019942b699764"
                ],
                "self": false,
                "to_port": 5432
              }
            ],
            "name": "recred_db",
            "name_prefix": "",
            "owner_id": "465843813700",
            "revoke_rules_on_delete": false,
            "tags": {
              "Name": "recred_db"
            },
            "tags_all": {
              "Name": "recred_db"
            },
            "timeouts": null,
            "vpc_id": "vpc-084e01c834fb989e0"
          },
          "sensitive_attributes": [],
          "private": "eyJlMmJmYjczMC1lY2FhLTExZTYtOGY4OC0zNDM2M2JjN2M0YzAiOnsiY3JlYXRlIjo2MDAwMDAwMDAwMDAsImRlbGV0ZSI6OTAwMDAwMDAwMDAwfSwic2NoZW1hX3ZlcnNpb24iOiIxIn0=",
          "dependencies": [
            "aws_security_group.recred_service",
            "aws_vpc.recred"
          ]
        }
      ]
    },
    {
      "mode": "managed",
      "type": "aws_security_group",
      "name": "recred_service",
      "provider": "provider[\"registry.terraform.io/hashicorp/aws\"]",
      "instances": [
        {
          "schema_version": 1,
          "attributes": {
            "arn": "arn:aws:ec2:eu-west-3:465843813700:security-group/sg-05c3019942b699764",
            "description": "Security group for recred service",
            "egress": [
              {
                "cidr_blocks": [
                  "0.0.0.0/0"
                ],
                "description": "Allow all outbound traffic",
                "from_port": 0,
                "ipv6_cidr_blocks": [],
                "prefix_list_ids": [],
                "protocol": "-1",
                "security_groups": [],
                "self": false,
                "to_port": 0
              }
            ],
            "id": "sg-05c3019942b699764",
            "ingress": [
              {
                "cidr_blocks": [
                  "0.0.0.0/0"
                ],
                "description": "Allow all traffic through HTTP",
                "from_port": 8080,
                "ipv6_cidr_blocks": [],
                "prefix_list_ids": [],
                "protocol": "tcp",
                "security_groups": [],
                "self": false,
                "to_port": 8080
              },
              {
                "cidr_blocks": [
                  "38.242.177.249/32"
                ],
                "description": "Allow SSH from my computer",
                "from_port": 22,
                "ipv6_cidr_blocks": [],
                "prefix_list_ids": [],
                "protocol": "tcp",
                "security_groups": [],
                "self": false,
                "to_port": 22
              }
            ],
            "name": "recred_service",
            "name_prefix": "",
            "owner_id": "465843813700",
            "revoke_rules_on_delete": false,
            "tags": {
              "Name": "recred_service"
            },
            "tags_all": {
              "Name": "recred_service"
            },
            "timeouts": null,
            "vpc_id": "vpc-084e01c834fb989e0"
          },
          "sensitive_attributes": [],
          "private": "eyJlMmJmYjczMC1lY2FhLTExZTYtOGY4OC0zNDM2M2JjN2M0YzAiOnsiY3JlYXRlIjo2MDAwMDAwMDAwMDAsImRlbGV0ZSI6OTAwMDAwMDAwMDAwfSwic2NoZW1hX3ZlcnNpb24iOiIxIn0=",
          "dependencies": [
            "aws_vpc.recred"
          ]
        }
      ]
    },
    {
      "mode": "managed",
      "type": "aws_subnet",
      "name": "recred_private",
      "provider": "provider[\"registry.terraform.io/hashicorp/aws\"]",
      "instances": [
        {
          "index_key": 0,
          "schema_version": 1,
          "attributes": {
            "arn": "arn:aws:ec2:eu-west-3:465843813700:subnet/subnet-0f4c73cc53b46818b",
            "assign_ipv6_address_on_creation": false,
            "availability_zone": "eu-west-3a",
            "availability_zone_id": "euw3-az1",
            "cidr_block": "10.0.101.0/24",
            "customer_owned_ipv4_pool": "",
            "enable_dns64": false,
            "enable_resource_name_dns_a_record_on_launch": false,
            "enable_resource_name_dns_aaaa_record_on_launch": false,
            "id": "subnet-0f4c73cc53b46818b",
            "ipv6_cidr_block": "",
            "ipv6_cidr_block_association_id": "",
            "ipv6_native": false,
            "map_customer_owned_ip_on_launch": false,
            "map_public_ip_on_launch": false,
            "outpost_arn": "",
            "owner_id": "465843813700",
            "private_dns_hostname_type_on_launch": "ip-name",
            "tags": {
              "Name": "recred_private_0"
            },
            "tags_all": {
              "Name": "recred_private_0"
            },
            "timeouts": null,
            "vpc_id": "vpc-084e01c834fb989e0"
          },
          "sensitive_attributes": [],
          "private": "eyJlMmJmYjczMC1lY2FhLTExZTYtOGY4OC0zNDM2M2JjN2M0YzAiOnsiY3JlYXRlIjo2MDAwMDAwMDAwMDAsImRlbGV0ZSI6MTIwMDAwMDAwMDAwMH0sInNjaGVtYV92ZXJzaW9uIjoiMSJ9",
          "dependencies": [
            "aws_vpc.recred",
            "data.aws_availability_zones.available"
          ]
        },
        {
          "index_key": 1,
          "schema_version": 1,
          "attributes": {
            "arn": "arn:aws:ec2:eu-west-3:465843813700:subnet/subnet-01df154bda50c9b0b",
            "assign_ipv6_address_on_creation": false,
            "availability_zone": "eu-west-3b",
            "availability_zone_id": "euw3-az2",
            "cidr_block": "10.0.102.0/24",
            "customer_owned_ipv4_pool": "",
            "enable_dns64": false,
            "enable_resource_name_dns_a_record_on_launch": false,
            "enable_resource_name_dns_aaaa_record_on_launch": false,
            "id": "subnet-01df154bda50c9b0b",
            "ipv6_cidr_block": "",
            "ipv6_cidr_block_association_id": "",
            "ipv6_native": false,
            "map_customer_owned_ip_on_launch": false,
            "map_public_ip_on_launch": false,
            "outpost_arn": "",
            "owner_id": "465843813700",
            "private_dns_hostname_type_on_launch": "ip-name",
            "tags": {
              "Name": "recred_private_1"
            },
            "tags_all": {
              "Name": "recred_private_1"
            },
            "timeouts": null,
            "vpc_id": "vpc-084e01c834fb989e0"
          },
          "sensitive_attributes": [],
          "private": "eyJlMmJmYjczMC1lY2FhLTExZTYtOGY4OC0zNDM2M2JjN2M0YzAiOnsiY3JlYXRlIjo2MDAwMDAwMDAwMDAsImRlbGV0ZSI6MTIwMDAwMDAwMDAwMH0sInNjaGVtYV92ZXJzaW9uIjoiMSJ9",
          "dependencies": [
            "aws_vpc.recred",
            "data.aws_availability_zones.available"
          ]
        }
      ]
    },
    {
      "mode": "managed",
      "type": "aws_subnet",
      "name": "recred_public",
      "provider": "provider[\"registry.terraform.io/hashicorp/aws\"]",
      "instances": [
        {
          "index_key": 0,
          "schema_version": 1,
          "attributes": {
            "arn": "arn:aws:ec2:eu-west-3:465843813700:subnet/subnet-037eee15d4678bede",
            "assign_ipv6_address_on_creation": false,
            "availability_zone": "eu-west-3a",
            "availability_zone_id": "euw3-az1",
            "cidr_block": "10.0.1.0/24",
            "customer_owned_ipv4_pool": "",
            "enable_dns64": false,
            "enable_resource_name_dns_a_record_on_launch": false,
            "enable_resource_name_dns_aaaa_record_on_launch": false,
            "id": "subnet-037eee15d4678bede",
            "ipv6_cidr_block": "",
            "ipv6_cidr_block_association_id": "",
            "ipv6_native": false,
            "map_customer_owned_ip_on_launch": false,
            "map_public_ip_on_launch": false,
            "outpost_arn": "",
            "owner_id": "465843813700",
            "private_dns_hostname_type_on_launch": "ip-name",
            "tags": {
              "Name": "recred_public_0"
            },
            "tags_all": {
              "Name": "recred_public_0"
            },
            "timeouts": null,
            "vpc_id": "vpc-084e01c834fb989e0"
          },
          "sensitive_attributes": [],
          "private": "eyJlMmJmYjczMC1lY2FhLTExZTYtOGY4OC0zNDM2M2JjN2M0YzAiOnsiY3JlYXRlIjo2MDAwMDAwMDAwMDAsImRlbGV0ZSI6MTIwMDAwMDAwMDAwMH0sInNjaGVtYV92ZXJzaW9uIjoiMSJ9",
          "dependencies": [
            "aws_vpc.recred",
            "data.aws_availability_zones.available"
          ]
        }
      ]
    },
    {
      "mode": "managed",
      "type": "aws_vpc",
      "name": "recred",
      "provider": "provider[\"registry.terraform.io/hashicorp/aws\"]",
      "instances": [
        {
          "schema_version": 1,
          "attributes": {
            "arn": "arn:aws:ec2:eu-west-3:465843813700:vpc/vpc-084e01c834fb989e0",
            "assign_generated_ipv6_cidr_block": false,
            "cidr_block": "10.0.0.0/16",
            "default_network_acl_id": "acl-04fcb3ba58c846664",
            "default_route_table_id": "rtb-0d1dd761d87265a7d",
            "default_security_group_id": "sg-05cf314f49eaefeb8",
            "dhcp_options_id": "dopt-063529e734e87c7ae",
            "enable_classiclink": false,
            "enable_classiclink_dns_support": false,
            "enable_dns_hostnames": true,
            "enable_dns_support": true,
            "enable_network_address_usage_metrics": false,
            "id": "vpc-084e01c834fb989e0",
            "instance_tenancy": "default",
            "ipv4_ipam_pool_id": null,
            "ipv4_netmask_length": null,
            "ipv6_association_id": "",
            "ipv6_cidr_block": "",
            "ipv6_cidr_block_network_border_group": "",
            "ipv6_ipam_pool_id": "",
            "ipv6_netmask_length": 0,
            "main_route_table_id": "rtb-0d1dd761d87265a7d",
            "owner_id": "465843813700",
            "tags": {
              "Name": "recred"
            },
            "tags_all": {
              "Name": "recred"
            }
          },
          "sensitive_attributes": [],
          "private": "eyJzY2hlbWFfdmVyc2lvbiI6IjEifQ=="
        }
      ]
    },
    {
      "mode": "managed",
      "type": "local_file",
      "name": "recred",
      "provider": "provider[\"registry.terraform.io/hashicorp/local\"]",
      "instances": [
        {
          "schema_version": 0,
          "attributes": {
            "content": "-----BEGIN RSA PRIVATE KEY-----\nMIIJKAIBAAKCAgEAvrvrMWeNm7/MIcqfeEzelPaNPQCYbVgnYh8vF7JC6NOyBaoz\nlGQcfVOYFrJq3C6tVzo6hB73Tglm7Z7X2SacLnuU5un9QevCDUB5NgAFFVhTkl2A\nTMpg1lN/zvNVViU3wCCL1YlPiatMesQ9ETgXtAFe+sfADyc/f8y+5jUeJ97phBmg\nAru9eSsENusyKx69tMhNcGPzCHb8x1EY7N7jq9HidtloTneneh3y2WPLvWfM0sxx\nMHWR704fdyMYXGD07QiK+tZyC+0kPxNmHo3+x5Gn/aGfr0lC5g4Pm+R2s648FUjo\n6DF7eSCc4BmTQzYU++8bw7lc8VCbrjsOMaOFePHGSMcDLZTQxjL7l4n2qqVVkP5S\nRK0X8+0LhKlIh45M1Vtn+QqsSnOca4ZZdrVotteZLR4vFiBip+Ql+U20XFGp8Qxv\nVtQtvaz2ncFZTPDJKXvccdzm9SQCzsJ/taYuWS2TRGX8a0qFipUZb6WXRK9B3JQk\nhBIe/dkSPp0ShjwvrSIUuqgdPtJ1RezErwUU5f/s2eW+MFk8hX3LTaRFlTs5D6+L\nZj2bsVlnpsmjqKJ55fH/PxFpn2RXGoXoYt8TwutbmVTwzzoMYNAheYbRzSuXcp3E\ncqbVNBYiScMYnx9wPys9Z1szmIwJk8Z65yPqc7/ACpU/fVjSfkBM9P7SblkCAwEA\nAQKCAgAoGHcDxsIVGMe/3smRT4+G/yGHzmU8r0hwLyAGOjoomcAVwsbfDgCTNAyH\n0O/343QbHymH9r6EUCOsFjVH9/7jIqWVuWC9B+OeR4xzlqN67jt7TF6ZRf3/cEQw\n7CRnXKGQqQbcV+Y5iaIlOLWhtgn9lEA0NeOhC94kbpU+7bGuLgUm+QATMwZMv4c+\nSEkemXLF20m0M762a9UNzXWQ7fYse43A8EkmHa8+U6dmnb0JzxVWxxWQW1bXWLPy\nppULbnJuldopiwUkjrCM9fYEvFLv/yWygtR/08XVeOU9H1T4xsroqpATp7tOJlX0\nIkw719WndIeAqKnqLMjdYprEQpzfB5i3aI8exg90UaG/JdG3BvCwLbLP0I1TVXRh\nYNo2tQphZcebISPaDa6uhxoEC8HK3BXFx+g836JgPNd2n2Zb4e9UexBFfHwnj2cp\noD4eFtmsgmT05FiVpyxTvP826CxbKvBIhWZjwQUbRZNl72NMTlUsp9HI65Ojehdi\nMAlSahew06WNrh3+PobpbitnTuALnBFpDv/Ekm6CFM92W2Q0XNMWv4z4Xa+FsZHN\nUieZ8P4F2EI+2ojYIy9OGh6K0nopglLmnO7LsJ83+L5po0oLifuPgdcSIozIkSkc\n8McAVOaSqyDiVKcgxEHWneuktK99hXLFSfj85cXOYOFCg8IM5QKCAQEAyOO0BHbj\nFuEF5sQw9GWcjfYaoDxfqAnaQ1ooQjjpDPUqlqDLQen2laNG74uZvUb96LVSG8ul\nIH4KoG6Ld4hb0YRBmf49OwU/XhY8D9YquVwffM/qF4YoSiz0lXUim2ACOxkrS0jD\n3Tv3El/7936m0vGZae9r9QSu9PCFjlDTR1AlGiFEtGjW6ek5odl+hFb0gEzBzzt8\nYGYzEVykh6tLOllbtrig5uq3sDW+qD+FPsGxBdUR7N0czZRw2kPInmrBxGUtToua\njmnMUJZ/a17cN+zGd08DWh7l0b9U53VWaVLKV4KAiyQgtXM0JTwuX91CEUtnRPvF\nZH1SzEWNQDsfWwKCAQEA8w8ChFOhFEucrM2GvRep57wXBIWd5p2b2a0SWacRcmax\nBxiWQVYHp1RRw+ROnn8jwvhCvQEJbXbykawaquB7D1o1Q9yyRR6ucWNKA0bGLpXf\n+1ewH/R8zjQea6TXZaWjryDlu1eY8bQBuX2lgGZBs8cl9F44ZuYcdycWeoVf3r2M\nBRUWaTiuqGZwgJEwf2qFaB6AxQO0gdaqXWO7QAvPKMdn9gEPNQ9+Rtn2LdLiI18v\nUv6B3F1WWGkcvTDSM6J7inD87ZmJ7yAgI+2QedAOqdb7DypFs8lLRsoewv/kppnj\nK7RCaRc6O5YUHkuDTNio5xsUPUAUN4xWAtrDwr4rWwKCAQEAm6lFLkhpAqtuhTf0\nrwulWaMfUpY1kOHBjHrpwxaSDwZR79G8beC6v4x7RNapVC8URCNr8jnEQ/8mgNXn\nn8G7VAflRUvpajhQt7kG5UaQaHznsTDyNTQxN/jJtJ3FKRwl3mFMWNOTYXQ7qLNT\nbJ1o6v9mXt20i3ELmKRe+L3MWO/TMAIjWJ/8F9guXilHjYhLgLb5Xni7kX7fh05/\n9thWPGpNVLKPix7JIvMiPwCpYM15PAm0EBPtY6boI1hutcIHTwUPLFOkeUGlnbRg\nG3Svs233Ay/oawaSEgrt4UPcp1QNke1/aVGfPrp753ZQgNvTe88vwBZPB+TMKZij\nMOgfDQKCAQA547RMwgJWbB/XxGe397/e0pyE1jIicB1jfeYl9jWgkrbNItz+mLff\n8aQ7zM+wzkU9NZXnoCyXpsHlUiFT231Tzb9r9096SPFxTh2dpCilhcq/+UWYhsmG\n70DjkHJA4m+W0XYF5bomryHOBQ/7Ad/aKq9ugVZbo6jZ9DRVYBjSW0DTIQ+iZf6r\nWyKmbG4pmrxFbSZsRhKi7fbLoWpCuc1QQBYRsHTnxVXlGBqbFWQI2q3RzY4uZwie\nrAJNSSh3ZdaYxYpoKK6ChptBE17atGQZrXtERGQvitzj8lXbSckyqOpDSX6buw2C\njZ8jDAcssVmhGYD7iZyHEmSV73a6lkKLAoIBAH3Wyi0xLEfhKUrXLi8DMMLKp3bC\nXF3mThJpDbALNGnZUflCbFCgBqFCNshYy1ZYtrAgrZIZW2CUTwaoQnjypD7t43Q8\nQOGyXwGZ4CxbqRMQsoZHA6Fn2KCLjIeYn5HA7arwV8chtJlagdEc1XRK+2hQV1aM\nkzn/QeRkCriQwGNuWVk6eJXuHSIGPqG8SDqPbJh92kSrAynVrlh4qAkbzc/qyDQh\nHNoPklzWlSBE0h5k3XwFdEPHOBkW7nJjIW6s97gLhhKkvFHPUjsVUz3YwvBttD0c\nMArUN5Adz9762FAt5FYVPnQw2jAERhPh77zQRWvjbiYv2SG8NJDYIj2sbcc=\n-----END RSA PRIVATE KEY-----\n",
            "content_base64": null,
            "directory_permission": "0777",
            "file_permission": "0777",
            "filename": "recred.pem",
            "id": "f9fb3d4c259257cc6247fad579c2e61238d8d68e",
            "sensitive_content": null,
            "source": null
          },
          "sensitive_attributes": [
            [
              {
                "type": "get_attr",
                "value": "content"
              }
            ]
          ],
          "private": "bnVsbA==",
          "dependencies": [
            "aws_key_pair.recred",
            "tls_private_key.recred"
          ]
        }
      ]
    },
    {
      "mode": "managed",
      "type": "tls_private_key",
      "name": "recred",
      "provider": "provider[\"registry.terraform.io/hashicorp/tls\"]",
      "instances": [
        {
          "schema_version": 1,
          "attributes": {
            "algorithm": "RSA",
            "ecdsa_curve": "P224",
            "id": "99710ff6ed0b71beeb72e77b1b5ddaaf57e16bff",
            "private_key_openssh": "-----BEGIN OPENSSH PRIVATE KEY-----\nb3BlbnNzaC1rZXktdjEAAAAABG5vbmUAAAAEbm9uZQAAAAAAAAABAAACFwAAAAdz\nc2gtcnNhAAAAAwEAAQAAAgEAvrvrMWeNm7/MIcqfeEzelPaNPQCYbVgnYh8vF7JC\n6NOyBaozlGQcfVOYFrJq3C6tVzo6hB73Tglm7Z7X2SacLnuU5un9QevCDUB5NgAF\nFVhTkl2ATMpg1lN/zvNVViU3wCCL1YlPiatMesQ9ETgXtAFe+sfADyc/f8y+5jUe\nJ97phBmgAru9eSsENusyKx69tMhNcGPzCHb8x1EY7N7jq9HidtloTneneh3y2WPL\nvWfM0sxxMHWR704fdyMYXGD07QiK+tZyC+0kPxNmHo3+x5Gn/aGfr0lC5g4Pm+R2\ns648FUjo6DF7eSCc4BmTQzYU++8bw7lc8VCbrjsOMaOFePHGSMcDLZTQxjL7l4n2\nqqVVkP5SRK0X8+0LhKlIh45M1Vtn+QqsSnOca4ZZdrVotteZLR4vFiBip+Ql+U20\nXFGp8QxvVtQtvaz2ncFZTPDJKXvccdzm9SQCzsJ/taYuWS2TRGX8a0qFipUZb6WX\nRK9B3JQkhBIe/dkSPp0ShjwvrSIUuqgdPtJ1RezErwUU5f/s2eW+MFk8hX3LTaRF\nlTs5D6+LZj2bsVlnpsmjqKJ55fH/PxFpn2RXGoXoYt8TwutbmVTwzzoMYNAheYbR\nzSuXcp3EcqbVNBYiScMYnx9wPys9Z1szmIwJk8Z65yPqc7/ACpU/fVjSfkBM9P7S\nblkAAAc4lYc5FpWHORYAAAAHc3NoLXJzYQAAAgEAvrvrMWeNm7/MIcqfeEzelPaN\nPQCYbVgnYh8vF7JC6NOyBaozlGQcfVOYFrJq3C6tVzo6hB73Tglm7Z7X2SacLnuU\n5un9QevCDUB5NgAFFVhTkl2ATMpg1lN/zvNVViU3wCCL1YlPiatMesQ9ETgXtAFe\n+sfADyc/f8y+5jUeJ97phBmgAru9eSsENusyKx69tMhNcGPzCHb8x1EY7N7jq9Hi\ndtloTneneh3y2WPLvWfM0sxxMHWR704fdyMYXGD07QiK+tZyC+0kPxNmHo3+x5Gn\n/aGfr0lC5g4Pm+R2s648FUjo6DF7eSCc4BmTQzYU++8bw7lc8VCbrjsOMaOFePHG\nSMcDLZTQxjL7l4n2qqVVkP5SRK0X8+0LhKlIh45M1Vtn+QqsSnOca4ZZdrVotteZ\nLR4vFiBip+Ql+U20XFGp8QxvVtQtvaz2ncFZTPDJKXvccdzm9SQCzsJ/taYuWS2T\nRGX8a0qFipUZb6WXRK9B3JQkhBIe/dkSPp0ShjwvrSIUuqgdPtJ1RezErwUU5f/s\n2eW+MFk8hX3LTaRFlTs5D6+LZj2bsVlnpsmjqKJ55fH/PxFpn2RXGoXoYt8Twutb\nmVTwzzoMYNAheYbRzSuXcp3EcqbVNBYiScMYnx9wPys9Z1szmIwJk8Z65yPqc7/A\nCpU/fVjSfkBM9P7SblkAAAADAQABAAACACgYdwPGwhUYx7/eyZFPj4b/IYfOZTyv\nSHAvIAY6OiiZwBXCxt8OAJM0DIfQ7/fjdBsfKYf2voRQI6wWNUf3/uMipZW5YL0H\n455HjHOWo3ruO3tMXplF/f9wRDDsJGdcoZCpBtxX5jmJoiU4taG2Cf2UQDQ146EL\n3iRulT7tsa4uBSb5ABMzBky/hz5ISR6ZcsXbSbQzvrZr1Q3NdZDt9ix7jcDwSSYd\nrz5Tp2advQnPFVbHFZBbVtdYs/KmlQtucm6V2imLBSSOsIz19gS8Uu//JbKC1H/T\nxdV45T0fVPjGyuiqkBOnu04mVfQiTDvX1ad0h4CoqeosyN1imsRCnN8HmLdojx7G\nD3RRob8l0bcG8LAtss/QjVNVdGFg2ja1CmFlx5shI9oNrq6HGgQLwcrcFcXH6Dzf\nomA813afZlvh71R7EEV8fCePZymgPh4W2ayCZPTkWJWnLFO8/zboLFsq8EiFZmPB\nBRtFk2XvY0xOVSyn0cjrk6N6F2IwCVJqF7DTpY2uHf4+huluK2dO4AucEWkO/8SS\nboIUz3ZbZDRc0xa/jPhdr4Wxkc1SJ5nw/gXYQj7aiNgjL04aHorSeimCUuac7suw\nnzf4vmmjSguJ+4+B1xIijMiRKRzwxwBU5pKrIOJUpyDEQdad66S0r32FcsVJ+Pzl\nxc5g4UKDwgzlAAABAH3Wyi0xLEfhKUrXLi8DMMLKp3bCXF3mThJpDbALNGnZUflC\nbFCgBqFCNshYy1ZYtrAgrZIZW2CUTwaoQnjypD7t43Q8QOGyXwGZ4CxbqRMQsoZH\nA6Fn2KCLjIeYn5HA7arwV8chtJlagdEc1XRK+2hQV1aMkzn/QeRkCriQwGNuWVk6\neJXuHSIGPqG8SDqPbJh92kSrAynVrlh4qAkbzc/qyDQhHNoPklzWlSBE0h5k3XwF\ndEPHOBkW7nJjIW6s97gLhhKkvFHPUjsVUz3YwvBttD0cMArUN5Adz9762FAt5FYV\nPnQw2jAERhPh77zQRWvjbiYv2SG8NJDYIj2sbccAAAEBAMjjtAR24xbhBebEMPRl\nnI32GqA8X6gJ2kNaKEI46Qz1Kpagy0Hp9pWjRu+Lmb1G/ei1UhvLpSB+CqBui3eI\nW9GEQZn+PTsFP14WPA/WKrlcH3zP6heGKEos9JV1IptgAjsZK0tIw9079xJf+/d+\nptLxmWnva/UErvTwhY5Q00dQJRohRLRo1unpOaHZfoRW9IBMwc87fGBmMxFcpIer\nSzpZW7a4oObqt7A1vqg/hT7BsQXVEezdHM2UcNpDyJ5qwcRlLU6Lmo5pzFCWf2te\n3DfsxndPA1oe5dG/VOd1VmlSyleCgIskILVzNCU8Ll/dQhFLZ0T7xWR9UsxFjUA7\nH1sAAAEBAPMPAoRToRRLnKzNhr0Xqee8FwSFneadm9mtElmnEXJmsQcYlkFWB6dU\nUcPkTp5/I8L4Qr0BCW128pGsGqrgew9aNUPcskUernFjSgNGxi6V3/tXsB/0fM40\nHmuk12Wlo68g5btXmPG0Abl9pYBmQbPHJfReOGbmHHcnFnqFX969jAUVFmk4rqhm\ncICRMH9qhWgegMUDtIHWql1ju0ALzyjHZ/YBDzUPfkbZ9i3S4iNfL1L+gdxdVlhp\nHL0w0jOie4pw/O2Zie8gICPtkHnQDqnW+w8qRbPJS0bKHsL/5KaZ4yu0QmkXOjuW\nFB5Lg0zYqOcbFD1AFDeMVgLaw8K+K1sAAAAAAQID\n-----END OPENSSH PRIVATE KEY-----\n",
            "private_key_pem": "-----BEGIN RSA PRIVATE KEY-----\nMIIJKAIBAAKCAgEAvrvrMWeNm7/MIcqfeEzelPaNPQCYbVgnYh8vF7JC6NOyBaoz\nlGQcfVOYFrJq3C6tVzo6hB73Tglm7Z7X2SacLnuU5un9QevCDUB5NgAFFVhTkl2A\nTMpg1lN/zvNVViU3wCCL1YlPiatMesQ9ETgXtAFe+sfADyc/f8y+5jUeJ97phBmg\nAru9eSsENusyKx69tMhNcGPzCHb8x1EY7N7jq9HidtloTneneh3y2WPLvWfM0sxx\nMHWR704fdyMYXGD07QiK+tZyC+0kPxNmHo3+x5Gn/aGfr0lC5g4Pm+R2s648FUjo\n6DF7eSCc4BmTQzYU++8bw7lc8VCbrjsOMaOFePHGSMcDLZTQxjL7l4n2qqVVkP5S\nRK0X8+0LhKlIh45M1Vtn+QqsSnOca4ZZdrVotteZLR4vFiBip+Ql+U20XFGp8Qxv\nVtQtvaz2ncFZTPDJKXvccdzm9SQCzsJ/taYuWS2TRGX8a0qFipUZb6WXRK9B3JQk\nhBIe/dkSPp0ShjwvrSIUuqgdPtJ1RezErwUU5f/s2eW+MFk8hX3LTaRFlTs5D6+L\nZj2bsVlnpsmjqKJ55fH/PxFpn2RXGoXoYt8TwutbmVTwzzoMYNAheYbRzSuXcp3E\ncqbVNBYiScMYnx9wPys9Z1szmIwJk8Z65yPqc7/ACpU/fVjSfkBM9P7SblkCAwEA\nAQKCAgAoGHcDxsIVGMe/3smRT4+G/yGHzmU8r0hwLyAGOjoomcAVwsbfDgCTNAyH\n0O/343QbHymH9r6EUCOsFjVH9/7jIqWVuWC9B+OeR4xzlqN67jt7TF6ZRf3/cEQw\n7CRnXKGQqQbcV+Y5iaIlOLWhtgn9lEA0NeOhC94kbpU+7bGuLgUm+QATMwZMv4c+\nSEkemXLF20m0M762a9UNzXWQ7fYse43A8EkmHa8+U6dmnb0JzxVWxxWQW1bXWLPy\nppULbnJuldopiwUkjrCM9fYEvFLv/yWygtR/08XVeOU9H1T4xsroqpATp7tOJlX0\nIkw719WndIeAqKnqLMjdYprEQpzfB5i3aI8exg90UaG/JdG3BvCwLbLP0I1TVXRh\nYNo2tQphZcebISPaDa6uhxoEC8HK3BXFx+g836JgPNd2n2Zb4e9UexBFfHwnj2cp\noD4eFtmsgmT05FiVpyxTvP826CxbKvBIhWZjwQUbRZNl72NMTlUsp9HI65Ojehdi\nMAlSahew06WNrh3+PobpbitnTuALnBFpDv/Ekm6CFM92W2Q0XNMWv4z4Xa+FsZHN\nUieZ8P4F2EI+2ojYIy9OGh6K0nopglLmnO7LsJ83+L5po0oLifuPgdcSIozIkSkc\n8McAVOaSqyDiVKcgxEHWneuktK99hXLFSfj85cXOYOFCg8IM5QKCAQEAyOO0BHbj\nFuEF5sQw9GWcjfYaoDxfqAnaQ1ooQjjpDPUqlqDLQen2laNG74uZvUb96LVSG8ul\nIH4KoG6Ld4hb0YRBmf49OwU/XhY8D9YquVwffM/qF4YoSiz0lXUim2ACOxkrS0jD\n3Tv3El/7936m0vGZae9r9QSu9PCFjlDTR1AlGiFEtGjW6ek5odl+hFb0gEzBzzt8\nYGYzEVykh6tLOllbtrig5uq3sDW+qD+FPsGxBdUR7N0czZRw2kPInmrBxGUtToua\njmnMUJZ/a17cN+zGd08DWh7l0b9U53VWaVLKV4KAiyQgtXM0JTwuX91CEUtnRPvF\nZH1SzEWNQDsfWwKCAQEA8w8ChFOhFEucrM2GvRep57wXBIWd5p2b2a0SWacRcmax\nBxiWQVYHp1RRw+ROnn8jwvhCvQEJbXbykawaquB7D1o1Q9yyRR6ucWNKA0bGLpXf\n+1ewH/R8zjQea6TXZaWjryDlu1eY8bQBuX2lgGZBs8cl9F44ZuYcdycWeoVf3r2M\nBRUWaTiuqGZwgJEwf2qFaB6AxQO0gdaqXWO7QAvPKMdn9gEPNQ9+Rtn2LdLiI18v\nUv6B3F1WWGkcvTDSM6J7inD87ZmJ7yAgI+2QedAOqdb7DypFs8lLRsoewv/kppnj\nK7RCaRc6O5YUHkuDTNio5xsUPUAUN4xWAtrDwr4rWwKCAQEAm6lFLkhpAqtuhTf0\nrwulWaMfUpY1kOHBjHrpwxaSDwZR79G8beC6v4x7RNapVC8URCNr8jnEQ/8mgNXn\nn8G7VAflRUvpajhQt7kG5UaQaHznsTDyNTQxN/jJtJ3FKRwl3mFMWNOTYXQ7qLNT\nbJ1o6v9mXt20i3ELmKRe+L3MWO/TMAIjWJ/8F9guXilHjYhLgLb5Xni7kX7fh05/\n9thWPGpNVLKPix7JIvMiPwCpYM15PAm0EBPtY6boI1hutcIHTwUPLFOkeUGlnbRg\nG3Svs233Ay/oawaSEgrt4UPcp1QNke1/aVGfPrp753ZQgNvTe88vwBZPB+TMKZij\nMOgfDQKCAQA547RMwgJWbB/XxGe397/e0pyE1jIicB1jfeYl9jWgkrbNItz+mLff\n8aQ7zM+wzkU9NZXnoCyXpsHlUiFT231Tzb9r9096SPFxTh2dpCilhcq/+UWYhsmG\n70DjkHJA4m+W0XYF5bomryHOBQ/7Ad/aKq9ugVZbo6jZ9DRVYBjSW0DTIQ+iZf6r\nWyKmbG4pmrxFbSZsRhKi7fbLoWpCuc1QQBYRsHTnxVXlGBqbFWQI2q3RzY4uZwie\nrAJNSSh3ZdaYxYpoKK6ChptBE17atGQZrXtERGQvitzj8lXbSckyqOpDSX6buw2C\njZ8jDAcssVmhGYD7iZyHEmSV73a6lkKLAoIBAH3Wyi0xLEfhKUrXLi8DMMLKp3bC\nXF3mThJpDbALNGnZUflCbFCgBqFCNshYy1ZYtrAgrZIZW2CUTwaoQnjypD7t43Q8\nQOGyXwGZ4CxbqRMQsoZHA6Fn2KCLjIeYn5HA7arwV8chtJlagdEc1XRK+2hQV1aM\nkzn/QeRkCriQwGNuWVk6eJXuHSIGPqG8SDqPbJh92kSrAynVrlh4qAkbzc/qyDQh\nHNoPklzWlSBE0h5k3XwFdEPHOBkW7nJjIW6s97gLhhKkvFHPUjsVUz3YwvBttD0c\nMArUN5Adz9762FAt5FYVPnQw2jAERhPh77zQRWvjbiYv2SG8NJDYIj2sbcc=\n-----END RSA PRIVATE KEY-----\n",
            "private_key_pem_pkcs8": "-----BEGIN PRIVATE KEY-----\nMIIJQgIBADANBgkqhkiG9w0BAQEFAASCCSwwggkoAgEAAoICAQC+u+sxZ42bv8wh\nyp94TN6U9o09AJhtWCdiHy8XskLo07IFqjOUZBx9U5gWsmrcLq1XOjqEHvdOCWbt\nntfZJpwue5Tm6f1B68INQHk2AAUVWFOSXYBMymDWU3/O81VWJTfAIIvViU+Jq0x6\nxD0ROBe0AV76x8APJz9/zL7mNR4n3umEGaACu715KwQ26zIrHr20yE1wY/MIdvzH\nURjs3uOr0eJ22WhOd6d6HfLZY8u9Z8zSzHEwdZHvTh93IxhcYPTtCIr61nIL7SQ/\nE2Yejf7Hkaf9oZ+vSULmDg+b5HazrjwVSOjoMXt5IJzgGZNDNhT77xvDuVzxUJuu\nOw4xo4V48cZIxwMtlNDGMvuXifaqpVWQ/lJErRfz7QuEqUiHjkzVW2f5CqxKc5xr\nhll2tWi215ktHi8WIGKn5CX5TbRcUanxDG9W1C29rPadwVlM8Mkpe9xx3Ob1JALO\nwn+1pi5ZLZNEZfxrSoWKlRlvpZdEr0HclCSEEh792RI+nRKGPC+tIhS6qB0+0nVF\n7MSvBRTl/+zZ5b4wWTyFfctNpEWVOzkPr4tmPZuxWWemyaOoonnl8f8/EWmfZFca\nhehi3xPC61uZVPDPOgxg0CF5htHNK5dyncRyptU0FiJJwxifH3A/Kz1nWzOYjAmT\nxnrnI+pzv8AKlT99WNJ+QEz0/tJuWQIDAQABAoICACgYdwPGwhUYx7/eyZFPj4b/\nIYfOZTyvSHAvIAY6OiiZwBXCxt8OAJM0DIfQ7/fjdBsfKYf2voRQI6wWNUf3/uMi\npZW5YL0H455HjHOWo3ruO3tMXplF/f9wRDDsJGdcoZCpBtxX5jmJoiU4taG2Cf2U\nQDQ146EL3iRulT7tsa4uBSb5ABMzBky/hz5ISR6ZcsXbSbQzvrZr1Q3NdZDt9ix7\njcDwSSYdrz5Tp2advQnPFVbHFZBbVtdYs/KmlQtucm6V2imLBSSOsIz19gS8Uu//\nJbKC1H/TxdV45T0fVPjGyuiqkBOnu04mVfQiTDvX1ad0h4CoqeosyN1imsRCnN8H\nmLdojx7GD3RRob8l0bcG8LAtss/QjVNVdGFg2ja1CmFlx5shI9oNrq6HGgQLwcrc\nFcXH6DzfomA813afZlvh71R7EEV8fCePZymgPh4W2ayCZPTkWJWnLFO8/zboLFsq\n8EiFZmPBBRtFk2XvY0xOVSyn0cjrk6N6F2IwCVJqF7DTpY2uHf4+huluK2dO4Auc\nEWkO/8SSboIUz3ZbZDRc0xa/jPhdr4Wxkc1SJ5nw/gXYQj7aiNgjL04aHorSeimC\nUuac7suwnzf4vmmjSguJ+4+B1xIijMiRKRzwxwBU5pKrIOJUpyDEQdad66S0r32F\ncsVJ+Pzlxc5g4UKDwgzlAoIBAQDI47QEduMW4QXmxDD0ZZyN9hqgPF+oCdpDWihC\nOOkM9SqWoMtB6faVo0bvi5m9Rv3otVIby6Ugfgqgbot3iFvRhEGZ/j07BT9eFjwP\n1iq5XB98z+oXhihKLPSVdSKbYAI7GStLSMPdO/cSX/v3fqbS8Zlp72v1BK708IWO\nUNNHUCUaIUS0aNbp6Tmh2X6EVvSATMHPO3xgZjMRXKSHq0s6WVu2uKDm6rewNb6o\nP4U+wbEF1RHs3RzNlHDaQ8ieasHEZS1Oi5qOacxQln9rXtw37MZ3TwNaHuXRv1Tn\ndVZpUspXgoCLJCC1czQlPC5f3UIRS2dE+8VkfVLMRY1AOx9bAoIBAQDzDwKEU6EU\nS5yszYa9F6nnvBcEhZ3mnZvZrRJZpxFyZrEHGJZBVgenVFHD5E6efyPC+EK9AQlt\ndvKRrBqq4HsPWjVD3LJFHq5xY0oDRsYuld/7V7Af9HzONB5rpNdlpaOvIOW7V5jx\ntAG5faWAZkGzxyX0Xjhm5hx3JxZ6hV/evYwFFRZpOK6oZnCAkTB/aoVoHoDFA7SB\n1qpdY7tAC88ox2f2AQ81D35G2fYt0uIjXy9S/oHcXVZYaRy9MNIzonuKcPztmYnv\nICAj7ZB50A6p1vsPKkWzyUtGyh7C/+SmmeMrtEJpFzo7lhQeS4NM2KjnGxQ9QBQ3\njFYC2sPCvitbAoIBAQCbqUUuSGkCq26FN/SvC6VZox9SljWQ4cGMeunDFpIPBlHv\n0bxt4Lq/jHtE1qlULxREI2vyOcRD/yaA1eefwbtUB+VFS+lqOFC3uQblRpBofOex\nMPI1NDE3+Mm0ncUpHCXeYUxY05NhdDuos1NsnWjq/2Ze3bSLcQuYpF74vcxY79Mw\nAiNYn/wX2C5eKUeNiEuAtvleeLuRft+HTn/22FY8ak1Uso+LHski8yI/AKlgzXk8\nCbQQE+1jpugjWG61wgdPBQ8sU6R5QaWdtGAbdK+zbfcDL+hrBpISCu3hQ9ynVA2R\n7X9pUZ8+unvndlCA29N7zy/AFk8H5MwpmKMw6B8NAoIBADnjtEzCAlZsH9fEZ7f3\nv97SnITWMiJwHWN95iX2NaCSts0i3P6Yt9/xpDvMz7DORT01leegLJemweVSIVPb\nfVPNv2v3T3pI8XFOHZ2kKKWFyr/5RZiGyYbvQOOQckDib5bRdgXluiavIc4FD/sB\n39oqr26BVlujqNn0NFVgGNJbQNMhD6Jl/qtbIqZsbimavEVtJmxGEqLt9suhakK5\nzVBAFhGwdOfFVeUYGpsVZAjardHNji5nCJ6sAk1JKHdl1pjFimgoroKGm0ETXtq0\nZBmte0REZC+K3OPyVdtJyTKo6kNJfpu7DYKNnyMMByyxWaEZgPuJnIcSZJXvdrqW\nQosCggEAfdbKLTEsR+EpStcuLwMwwsqndsJcXeZOEmkNsAs0adlR+UJsUKAGoUI2\nyFjLVli2sCCtkhlbYJRPBqhCePKkPu3jdDxA4bJfAZngLFupExCyhkcDoWfYoIuM\nh5ifkcDtqvBXxyG0mVqB0RzVdEr7aFBXVoyTOf9B5GQKuJDAY25ZWTp4le4dIgY+\nobxIOo9smH3aRKsDKdWuWHioCRvNz+rINCEc2g+SXNaVIETSHmTdfAV0Q8c4GRbu\ncmMhbqz3uAuGEqS8Uc9SOxVTPdjC8G20PRwwCtQ3kB3P3vrYUC3kVhU+dDDaMARG\nE+HvvNBFa+NuJi/ZIbw0kNgiPaxtxw==\n-----END PRIVATE KEY-----\n",
            "public_key_fingerprint_md5": "6c:5b:a0:3b:60:37:2f:87:dc:dd:31:66:fc:ba:0b:73",
            "public_key_fingerprint_sha256": "SHA256:asA2/S1yfNyJvig0pzQ/tc4PAfFhxgwPhzsq5yzokbE",
            "public_key_openssh": "ssh-rsa AAAAB3NzaC1yc2EAAAADAQABAAACAQC+u+sxZ42bv8whyp94TN6U9o09AJhtWCdiHy8XskLo07IFqjOUZBx9U5gWsmrcLq1XOjqEHvdOCWbtntfZJpwue5Tm6f1B68INQHk2AAUVWFOSXYBMymDWU3/O81VWJTfAIIvViU+Jq0x6xD0ROBe0AV76x8APJz9/zL7mNR4n3umEGaACu715KwQ26zIrHr20yE1wY/MIdvzHURjs3uOr0eJ22WhOd6d6HfLZY8u9Z8zSzHEwdZHvTh93IxhcYPTtCIr61nIL7SQ/E2Yejf7Hkaf9oZ+vSULmDg+b5HazrjwVSOjoMXt5IJzgGZNDNhT77xvDuVzxUJuuOw4xo4V48cZIxwMtlNDGMvuXifaqpVWQ/lJErRfz7QuEqUiHjkzVW2f5CqxKc5xrhll2tWi215ktHi8WIGKn5CX5TbRcUanxDG9W1C29rPadwVlM8Mkpe9xx3Ob1JALOwn+1pi5ZLZNEZfxrSoWKlRlvpZdEr0HclCSEEh792RI+nRKGPC+tIhS6qB0+0nVF7MSvBRTl/+zZ5b4wWTyFfctNpEWVOzkPr4tmPZuxWWemyaOoonnl8f8/EWmfZFcahehi3xPC61uZVPDPOgxg0CF5htHNK5dyncRyptU0FiJJwxifH3A/Kz1nWzOYjAmTxnrnI+pzv8AKlT99WNJ+QEz0/tJuWQ==\n",
            "public_key_pem": "-----BEGIN PUBLIC KEY-----\nMIICIjANBgkqhkiG9w0BAQEFAAOCAg8AMIICCgKCAgEAvrvrMWeNm7/MIcqfeEze\nlPaNPQCYbVgnYh8vF7JC6NOyBaozlGQcfVOYFrJq3C6tVzo6hB73Tglm7Z7X2Sac\nLnuU5un9QevCDUB5NgAFFVhTkl2ATMpg1lN/zvNVViU3wCCL1YlPiatMesQ9ETgX\ntAFe+sfADyc/f8y+5jUeJ97phBmgAru9eSsENusyKx69tMhNcGPzCHb8x1EY7N7j\nq9HidtloTneneh3y2WPLvWfM0sxxMHWR704fdyMYXGD07QiK+tZyC+0kPxNmHo3+\nx5Gn/aGfr0lC5g4Pm+R2s648FUjo6DF7eSCc4BmTQzYU++8bw7lc8VCbrjsOMaOF\nePHGSMcDLZTQxjL7l4n2qqVVkP5SRK0X8+0LhKlIh45M1Vtn+QqsSnOca4ZZdrVo\ntteZLR4vFiBip+Ql+U20XFGp8QxvVtQtvaz2ncFZTPDJKXvccdzm9SQCzsJ/taYu\nWS2TRGX8a0qFipUZb6WXRK9B3JQkhBIe/dkSPp0ShjwvrSIUuqgdPtJ1RezErwUU\n5f/s2eW+MFk8hX3LTaRFlTs5D6+LZj2bsVlnpsmjqKJ55fH/PxFpn2RXGoXoYt8T\nwutbmVTwzzoMYNAheYbRzSuXcp3EcqbVNBYiScMYnx9wPys9Z1szmIwJk8Z65yPq\nc7/ACpU/fVjSfkBM9P7SblkCAwEAAQ==\n-----END PUBLIC KEY-----\n",
            "rsa_bits": 4096
          },
          "sensitive_attributes": []
        }
      ]
    }
  ],
  "check_results": null
}
