{
  "version": 4,
  "terraform_version": "1.3.4",
  "serial": 466,
  "lineage": "5d1b7028-3d1f-609f-da8e-cb8f7c86f69d",
  "outputs": {},
  "resources": [
    {
      "mode": "data",
      "type": "aws_ami",
      "name": "amazon_linux",
      "provider": "provider[\"registry.terraform.io/hashicorp/aws\"]",
      "instances": [
        {
          "schema_version": 0,
          "attributes": {
            "architecture": "x86_64",
            "arn": "arn:aws:ec2:eu-west-3::image/ami-03c2abbbe8af9a7e6",
            "block_device_mappings": [
              {
                "device_name": "/dev/xvda",
                "ebs": {
                  "delete_on_termination": "true",
                  "encrypted": "false",
                  "iops": "0",
                  "snapshot_id": "snap-022985eb740fb4f8e",
                  "throughput": "0",
                  "volume_size": "8",
                  "volume_type": "gp2"
                },
                "no_device": "",
                "virtual_name": ""
              }
            ],
            "boot_mode": "",
            "creation_date": "2022-11-14T23:00:15.000Z",
            "deprecation_time": "2024-11-14T23:00:15.000Z",
            "description": "Amazon Linux 2 AMI 2.0.20221103.3 x86_64 HVM gp2",
            "ena_support": true,
            "executable_users": null,
            "filter": [
              {
                "name": "architecture",
                "values": [
                  "x86_64"
                ]
              },
              {
                "name": "name",
                "values": [
                  "amzn2-ami-hvm-*-gp2"
                ]
              },
              {
                "name": "root-device-type",
                "values": [
                  "ebs"
                ]
              },
              {
                "name": "virtualization-type",
                "values": [
                  "hvm"
                ]
              }
            ],
            "hypervisor": "xen",
            "id": "ami-03c2abbbe8af9a7e6",
            "image_id": "ami-03c2abbbe8af9a7e6",
            "image_location": "amazon/amzn2-ami-hvm-2.0.20221103.3-x86_64-gp2",
            "image_owner_alias": "amazon",
            "image_type": "machine",
            "imds_support": "",
            "include_deprecated": false,
            "kernel_id": "",
            "most_recent": true,
            "name": "amzn2-ami-hvm-2.0.20221103.3-x86_64-gp2",
            "name_regex": null,
            "owner_id": "137112412989",
            "owners": [
              "amazon"
            ],
            "platform": "",
            "platform_details": "Linux/UNIX",
            "product_codes": [],
            "public": true,
            "ramdisk_id": "",
            "root_device_name": "/dev/xvda",
            "root_device_type": "ebs",
            "root_snapshot_id": "snap-022985eb740fb4f8e",
            "sriov_net_support": "simple",
            "state": "available",
            "state_reason": {
              "code": "UNSET",
              "message": "UNSET"
            },
            "tags": {},
            "timeouts": null,
            "tpm_support": "",
            "usage_operation": "RunInstances",
            "virtualization_type": "hvm"
          },
          "sensitive_attributes": []
        }
      ]
    },
    {
      "mode": "data",
      "type": "aws_ami",
      "name": "ubuntu",
      "provider": "provider[\"registry.terraform.io/hashicorp/aws\"]",
      "instances": [
        {
          "schema_version": 0,
          "attributes": {
            "architecture": "x86_64",
            "arn": "arn:aws:ec2:eu-west-3::image/ami-058cbb29e232feceb",
            "block_device_mappings": [
              {
                "device_name": "/dev/sda1",
                "ebs": {
                  "delete_on_termination": "true",
                  "encrypted": "false",
                  "iops": "0",
                  "snapshot_id": "snap-0e1f72720f67a75b4",
                  "throughput": "0",
                  "volume_size": "8",
                  "volume_type": "gp2"
                },
                "no_device": "",
                "virtual_name": ""
              },
              {
                "device_name": "/dev/sdb",
                "ebs": {},
                "no_device": "",
                "virtual_name": "ephemeral0"
              },
              {
                "device_name": "/dev/sdc",
                "ebs": {},
                "no_device": "",
                "virtual_name": "ephemeral1"
              }
            ],
            "boot_mode": "",
            "creation_date": "2022-11-16T00:07:06.000Z",
            "deprecation_time": "2024-11-16T00:07:05.000Z",
            "description": "Canonical, Ubuntu, 20.04 LTS, amd64 focal image build on 2022-11-15",
            "ena_support": true,
            "executable_users": null,
            "filter": [
              {
                "name": "name",
                "values": [
                  "ubuntu/images/hvm-ssd/ubuntu-focal-20.04-amd64-server-*"
                ]
              },
              {
                "name": "virtualization-type",
                "values": [
                  "hvm"
                ]
              }
            ],
            "hypervisor": "xen",
            "id": "ami-058cbb29e232feceb",
            "image_id": "ami-058cbb29e232feceb",
            "image_location": "amazon/ubuntu/images/hvm-ssd/ubuntu-focal-20.04-amd64-server-20221115.1",
            "image_owner_alias": "amazon",
            "image_type": "machine",
            "imds_support": "",
            "include_deprecated": false,
            "kernel_id": "",
            "most_recent": true,
            "name": "ubuntu/images/hvm-ssd/ubuntu-focal-20.04-amd64-server-20221115.1",
            "name_regex": null,
            "owner_id": "099720109477",
            "owners": [
              "099720109477"
            ],
            "platform": "",
            "platform_details": "Linux/UNIX",
            "product_codes": [],
            "public": true,
            "ramdisk_id": "",
            "root_device_name": "/dev/sda1",
            "root_device_type": "ebs",
            "root_snapshot_id": "snap-0e1f72720f67a75b4",
            "sriov_net_support": "simple",
            "state": "available",
            "state_reason": {
              "code": "UNSET",
              "message": "UNSET"
            },
            "tags": {},
            "timeouts": null,
            "tpm_support": "",
            "usage_operation": "RunInstances",
            "virtualization_type": "hvm"
          },
          "sensitive_attributes": []
        }
      ]
    },
    {
      "mode": "data",
      "type": "aws_availability_zones",
      "name": "available",
      "provider": "provider[\"registry.terraform.io/hashicorp/aws\"]",
      "instances": [
        {
          "schema_version": 0,
          "attributes": {
            "all_availability_zones": null,
            "exclude_names": null,
            "exclude_zone_ids": null,
            "filter": null,
            "group_names": [
              "eu-west-3"
            ],
            "id": "eu-west-3",
            "names": [
              "eu-west-3a",
              "eu-west-3b",
              "eu-west-3c"
            ],
            "state": "available",
            "timeouts": null,
            "zone_ids": [
              "euw3-az1",
              "euw3-az2",
              "euw3-az3"
            ]
          },
          "sensitive_attributes": []
        }
      ]
    },
    {
      "mode": "managed",
      "type": "aws_db_instance",
      "name": "recred",
      "provider": "provider[\"registry.terraform.io/hashicorp/aws\"]",
      "instances": [
        {
          "schema_version": 1,
          "attributes": {
            "address": "recred.cf7mfnw7jhnc.eu-west-3.rds.amazonaws.com",
            "allocated_storage": 200,
            "allow_major_version_upgrade": null,
            "apply_immediately": null,
            "arn": "arn:aws:rds:eu-west-3:465843813700:db:recred",
            "auto_minor_version_upgrade": true,
            "availability_zone": "eu-west-3a",
            "backup_retention_period": 0,
            "backup_window": "13:42-14:12",
            "ca_cert_identifier": "rds-ca-2019",
            "character_set_name": "",
            "copy_tags_to_snapshot": false,
            "custom_iam_instance_profile": "",
            "customer_owned_ip_enabled": false,
            "db_name": "recred",
            "db_subnet_group_name": "recred_private",
            "delete_automated_backups": true,
            "deletion_protection": false,
            "domain": "",
            "domain_iam_role_name": "",
            "enabled_cloudwatch_logs_exports": null,
            "endpoint": "recred.cf7mfnw7jhnc.eu-west-3.rds.amazonaws.com:5432",
            "engine": "postgres",
            "engine_version": "14.4",
            "engine_version_actual": "14.4",
            "final_snapshot_identifier": null,
            "hosted_zone_id": "ZMESEXB7ZGGQ3",
            "iam_database_authentication_enabled": false,
            "id": "recred",
            "identifier": "recred",
            "identifier_prefix": "",
            "instance_class": "db.t3.micro",
            "iops": 0,
            "kms_key_id": "",
            "latest_restorable_time": "",
            "license_model": "postgresql-license",
            "maintenance_window": "thu:02:38-thu:03:08",
            "max_allocated_storage": 0,
            "monitoring_interval": 0,
            "monitoring_role_arn": "",
            "multi_az": false,
            "name": "recred",
            "nchar_character_set_name": "",
            "network_type": "IPV4",
            "option_group_name": "default:postgres-14",
            "parameter_group_name": "recred",
            "password": "HkVdigcry0T4CGf00Xt1g3g1ZlZkORgHxRrxQBt7M8y0yQ54EQ",
            "performance_insights_enabled": false,
            "performance_insights_kms_key_id": "",
            "performance_insights_retention_period": 0,
            "port": 5432,
            "publicly_accessible": false,
            "replica_mode": "",
            "replicas": [],
            "replicate_source_db": "",
            "resource_id": "db-KXLAIQAIK2H2H2OTQLIFF4PJLY",
            "restore_to_point_in_time": [],
            "s3_import": [],
            "security_group_names": null,
            "skip_final_snapshot": true,
            "snapshot_identifier": null,
            "status": "available",
            "storage_encrypted": false,
            "storage_type": "gp2",
            "tags": null,
            "tags_all": {},
            "timeouts": null,
            "timezone": "",
            "username": "recred",
            "vpc_security_group_ids": [
              "sg-0dda8d4866a9b6511"
            ]
          },
          "sensitive_attributes": [
            [
              {
                "type": "get_attr",
                "value": "password"
              }
            ]
          ],
          "private": "eyJlMmJmYjczMC1lY2FhLTExZTYtOGY4OC0zNDM2M2JjN2M0YzAiOnsiY3JlYXRlIjoyNDAwMDAwMDAwMDAwLCJkZWxldGUiOjM2MDAwMDAwMDAwMDAsInVwZGF0ZSI6NDgwMDAwMDAwMDAwMH0sInNjaGVtYV92ZXJzaW9uIjoiMSJ9",
          "dependencies": [
            "aws_db_parameter_group.recred",
            "aws_db_subnet_group.recred_private",
            "aws_security_group.recred_db",
            "aws_security_group.recred_service",
            "aws_subnet.recred_private",
            "aws_vpc.recred",
            "data.aws_availability_zones.available"
          ]
        }
      ]
    },
    {
      "mode": "managed",
      "type": "aws_db_parameter_group",
      "name": "recred",
      "provider": "provider[\"registry.terraform.io/hashicorp/aws\"]",
      "instances": [
        {
          "schema_version": 0,
          "attributes": {
            "arn": "arn:aws:rds:eu-west-3:465843813700:pg:recred",
            "description": "Managed by Terraform",
            "family": "postgres14",
            "id": "recred",
            "name": "recred",
            "name_prefix": null,
            "parameter": [
              {
                "apply_method": "immediate",
                "name": "log_connections",
                "value": "1"
              }
            ],
            "tags": null,
            "tags_all": {}
          },
          "sensitive_attributes": [],
          "private": "bnVsbA=="
        }
      ]
    },
    {
      "mode": "managed",
      "type": "aws_db_subnet_group",
      "name": "recred_private",
      "provider": "provider[\"registry.terraform.io/hashicorp/aws\"]",
      "instances": [
        {
          "schema_version": 0,
          "attributes": {
            "arn": "arn:aws:rds:eu-west-3:465843813700:subgrp:recred_private",
            "description": "DB subnet group",
            "id": "recred_private",
            "name": "recred_private",
            "name_prefix": "",
            "subnet_ids": [
              "subnet-05d00c8f2bcf172a5",
              "subnet-0671a16eb9bde51ec"
            ],
            "supported_network_types": [
              "IPV4"
            ],
            "tags": {
              "Name": "recred_private"
            },
            "tags_all": {
              "Name": "recred_private"
            }
          },
          "sensitive_attributes": [],
          "private": "bnVsbA==",
          "dependencies": [
            "aws_subnet.recred_private",
            "aws_vpc.recred",
            "data.aws_availability_zones.available"
          ]
        }
      ]
    },
    {
      "mode": "managed",
      "type": "aws_eip",
      "name": "recred",
      "provider": "provider[\"registry.terraform.io/hashicorp/aws\"]",
      "instances": [
        {
          "index_key": 0,
          "schema_version": 0,
          "attributes": {
            "address": null,
            "allocation_id": "eipalloc-049d0831afe26e014",
            "associate_with_private_ip": null,
            "association_id": "eipassoc-094780669aac7edf9",
            "carrier_ip": "",
            "customer_owned_ip": "",
            "customer_owned_ipv4_pool": "",
            "domain": "vpc",
            "id": "eipalloc-049d0831afe26e014",
            "instance": "i-0fd6081caed3b50d3",
            "network_border_group": "eu-west-3",
            "network_interface": "eni-0d0d62029100cde43",
            "private_dns": "ip-10-0-1-13.eu-west-3.compute.internal",
            "private_ip": "10.0.1.13",
            "public_dns": "ec2-15-188-13-134.eu-west-3.compute.amazonaws.com",
            "public_ip": "15.188.13.134",
            "public_ipv4_pool": "amazon",
            "tags": {
              "Name": "recred_eip_0"
            },
            "tags_all": {
              "Name": "recred_eip_0"
            },
            "timeouts": null,
            "vpc": true
          },
          "sensitive_attributes": [],
          "private": "eyJlMmJmYjczMC1lY2FhLTExZTYtOGY4OC0zNDM2M2JjN2M0YzAiOnsiZGVsZXRlIjoxODAwMDAwMDAwMDAsInJlYWQiOjkwMDAwMDAwMDAwMCwidXBkYXRlIjozMDAwMDAwMDAwMDB9fQ==",
          "dependencies": [
            "aws_instance.recred",
            "aws_key_pair.recred",
            "aws_security_group.recred_service",
            "aws_subnet.recred_public",
            "aws_vpc.recred",
            "data.aws_ami.ubuntu",
            "data.aws_availability_zones.available",
            "tls_private_key.recred"
          ]
        }
      ]
    },
    {
      "mode": "managed",
      "type": "aws_instance",
      "name": "recred",
      "provider": "provider[\"registry.terraform.io/hashicorp/aws\"]",
      "instances": [
        {
          "index_key": 0,
          "schema_version": 1,
          "attributes": {
            "ami": "ami-058cbb29e232feceb",
            "arn": "arn:aws:ec2:eu-west-3:465843813700:instance/i-0fd6081caed3b50d3",
            "associate_public_ip_address": false,
            "availability_zone": "eu-west-3a",
            "capacity_reservation_specification": [
              {
                "capacity_reservation_preference": "open",
                "capacity_reservation_target": []
              }
            ],
            "cpu_core_count": 1,
            "cpu_threads_per_core": 1,
            "credit_specification": [
              {
                "cpu_credits": "standard"
              }
            ],
            "disable_api_stop": false,
            "disable_api_termination": false,
            "ebs_block_device": [],
            "ebs_optimized": false,
            "enclave_options": [
              {
                "enabled": false
              }
            ],
            "ephemeral_block_device": [],
            "get_password_data": false,
            "hibernation": false,
            "host_id": null,
            "host_resource_group_arn": null,
            "iam_instance_profile": "",
            "id": "i-0fd6081caed3b50d3",
            "instance_initiated_shutdown_behavior": "stop",
            "instance_state": "running",
            "instance_type": "t2.micro",
            "ipv6_address_count": 0,
            "ipv6_addresses": [],
            "key_name": "recred",
            "launch_template": [],
            "maintenance_options": [
              {
                "auto_recovery": "default"
              }
            ],
            "metadata_options": [
              {
                "http_endpoint": "enabled",
                "http_put_response_hop_limit": 1,
                "http_tokens": "optional",
                "instance_metadata_tags": "disabled"
              }
            ],
            "monitoring": false,
            "network_interface": [],
            "outpost_arn": "",
            "password_data": "",
            "placement_group": "",
            "placement_partition_number": null,
            "primary_network_interface_id": "eni-0d0d62029100cde43",
            "private_dns": "ip-10-0-1-13.eu-west-3.compute.internal",
            "private_dns_name_options": [
              {
                "enable_resource_name_dns_a_record": false,
                "enable_resource_name_dns_aaaa_record": false,
                "hostname_type": "ip-name"
              }
            ],
            "private_ip": "10.0.1.13",
            "public_dns": "",
            "public_ip": "",
            "root_block_device": [
              {
                "delete_on_termination": true,
                "device_name": "/dev/sda1",
                "encrypted": false,
                "iops": 100,
                "kms_key_id": "",
                "tags": {},
                "throughput": 0,
                "volume_id": "vol-04f4215404c84d476",
                "volume_size": 8,
                "volume_type": "gp2"
              }
            ],
            "secondary_private_ips": [],
            "security_groups": [],
            "source_dest_check": true,
            "subnet_id": "subnet-0a5bdd28f81e927bd",
            "tags": {
              "Name": "recred_0"
            },
            "tags_all": {
              "Name": "recred_0"
            },
            "tenancy": "default",
            "timeouts": null,
            "user_data": null,
            "user_data_base64": null,
            "user_data_replace_on_change": false,
            "volume_tags": null,
            "vpc_security_group_ids": [
              "sg-0fc3aaa9337191722"
            ]
          },
          "sensitive_attributes": [],
          "private": "eyJlMmJmYjczMC1lY2FhLTExZTYtOGY4OC0zNDM2M2JjN2M0YzAiOnsiY3JlYXRlIjo2MDAwMDAwMDAwMDAsImRlbGV0ZSI6MTIwMDAwMDAwMDAwMCwidXBkYXRlIjo2MDAwMDAwMDAwMDB9LCJzY2hlbWFfdmVyc2lvbiI6IjEifQ==",
          "dependencies": [
            "aws_key_pair.recred",
            "aws_security_group.recred_service",
            "aws_subnet.recred_public",
            "aws_vpc.recred",
            "data.aws_ami.ubuntu",
            "data.aws_availability_zones.available",
            "tls_private_key.recred"
          ]
        }
      ]
    },
    {
      "mode": "managed",
      "type": "aws_internet_gateway",
      "name": "recred",
      "provider": "provider[\"registry.terraform.io/hashicorp/aws\"]",
      "instances": [
        {
          "schema_version": 0,
          "attributes": {
            "arn": "arn:aws:ec2:eu-west-3:465843813700:internet-gateway/igw-057d390621e1eca43",
            "id": "igw-057d390621e1eca43",
            "owner_id": "465843813700",
            "tags": {
              "Name": "recred"
            },
            "tags_all": {
              "Name": "recred"
            },
            "timeouts": null,
            "vpc_id": "vpc-0b3bee2397056edfa"
          },
          "sensitive_attributes": [],
          "private": "eyJlMmJmYjczMC1lY2FhLTExZTYtOGY4OC0zNDM2M2JjN2M0YzAiOnsiY3JlYXRlIjoxMjAwMDAwMDAwMDAwLCJkZWxldGUiOjEyMDAwMDAwMDAwMDAsInVwZGF0ZSI6MTIwMDAwMDAwMDAwMH19",
          "dependencies": [
            "aws_vpc.recred"
          ]
        }
      ]
    },
    {
      "mode": "managed",
      "type": "aws_key_pair",
      "name": "recred",
      "provider": "provider[\"registry.terraform.io/hashicorp/aws\"]",
      "instances": [
        {
          "schema_version": 1,
          "attributes": {
            "arn": "arn:aws:ec2:eu-west-3:465843813700:key-pair/recred",
            "fingerprint": "5c:f9:89:4c:59:e4:3d:53:0b:e6:8b:a3:9e:18:4a:b3",
            "id": "recred",
            "key_name": "recred",
            "key_name_prefix": "",
            "key_pair_id": "key-0840f36a846a25e8d",
            "key_type": "rsa",
            "public_key": "ssh-rsa AAAAB3NzaC1yc2EAAAADAQABAAACAQCr3e2OpOOjVDkIo3aCjHX0ycgbZZHrdK7lRmKIlWU1zCsRY4+xrFvczUuipNbD+mZRK+kiWS/qPFwuaqV7fjVE/+UKE994vaMFtzjnWnn/9NdkAMb45cqDsNN9Jo1UsYKVWFD9QVBqWvxKUXa71PkAxnx9/4QQeaqPms99rgRBr3r15X2+vjAkp28TCo1FGexMzHDt8EEoseNBrSEu0qboxuUM7GF1u7IEbYQRj8sVyM2yiPBfRXg1K6uo15KGds0ikl7nEayX4logB9fnd/wC4CRTUPnbt06E/m4OWrlRyGQdWM3t6L4uGiujTx5/i9pBKq3JippC5mV9wqRY0DORH5sC5VwWNvYd80A9nfFnhZutPjRngKt/PscZ1UeUnBx44HS18x3tQ5qhpzSeCn5L5G855SZeDYMBun4dxvtHsy3x8N46BQ0Xi+rxV91bh+b2R0g3ViBuKVqkDvSVK3DMJOuhr60Kbf2j+OIl+GHNkUPkQUjjkZ++D96keNk9qmHJ4ETAVu8tDBBA2TOnxGHeI9Ef20fx17L/5k+EE3t7GHQLGuDoiTw53Yw9JzACgMSSNhVE5Q6dhWpR81bhaN9aoMAux7BS/T5LjDlSQeT0WeVKpm6tSibdIzt83IURvz8ZSArdyRILWHXhY4KN9sOTefEBdnQvQqztXGaeKGcFZw==",
            "tags": null,
            "tags_all": {}
          },
          "sensitive_attributes": [],
          "private": "eyJzY2hlbWFfdmVyc2lvbiI6IjEifQ==",
          "dependencies": [
            "tls_private_key.recred"
          ]
        }
      ]
    },
    {
      "mode": "managed",
      "type": "aws_route_table",
      "name": "recred_private",
      "provider": "provider[\"registry.terraform.io/hashicorp/aws\"]",
      "instances": [
        {
          "schema_version": 0,
          "attributes": {
            "arn": "arn:aws:ec2:eu-west-3:465843813700:route-table/rtb-0ba149ad7521f9647",
            "id": "rtb-0ba149ad7521f9647",
            "owner_id": "465843813700",
            "propagating_vgws": [],
            "route": [],
            "tags": {
              "Name": "recred_private"
            },
            "tags_all": {
              "Name": "recred_private"
            },
            "timeouts": null,
            "vpc_id": "vpc-0b3bee2397056edfa"
          },
          "sensitive_attributes": [],
          "private": "eyJlMmJmYjczMC1lY2FhLTExZTYtOGY4OC0zNDM2M2JjN2M0YzAiOnsiY3JlYXRlIjozMDAwMDAwMDAwMDAsImRlbGV0ZSI6MzAwMDAwMDAwMDAwLCJ1cGRhdGUiOjEyMDAwMDAwMDAwMH19",
          "dependencies": [
            "aws_vpc.recred"
          ]
        }
      ]
    },
    {
      "mode": "managed",
      "type": "aws_route_table",
      "name": "recred_public",
      "provider": "provider[\"registry.terraform.io/hashicorp/aws\"]",
      "instances": [
        {
          "schema_version": 0,
          "attributes": {
            "arn": "arn:aws:ec2:eu-west-3:465843813700:route-table/rtb-0bbc604edef1616b9",
            "id": "rtb-0bbc604edef1616b9",
            "owner_id": "465843813700",
            "propagating_vgws": [],
            "route": [
              {
                "carrier_gateway_id": "",
                "cidr_block": "0.0.0.0/0",
                "core_network_arn": "",
                "destination_prefix_list_id": "",
                "egress_only_gateway_id": "",
                "gateway_id": "igw-057d390621e1eca43",
                "instance_id": "",
                "ipv6_cidr_block": "",
                "local_gateway_id": "",
                "nat_gateway_id": "",
                "network_interface_id": "",
                "transit_gateway_id": "",
                "vpc_endpoint_id": "",
                "vpc_peering_connection_id": ""
              }
            ],
            "tags": {
              "Name": "recred_public"
            },
            "tags_all": {
              "Name": "recred_public"
            },
            "timeouts": null,
            "vpc_id": "vpc-0b3bee2397056edfa"
          },
          "sensitive_attributes": [],
          "private": "eyJlMmJmYjczMC1lY2FhLTExZTYtOGY4OC0zNDM2M2JjN2M0YzAiOnsiY3JlYXRlIjozMDAwMDAwMDAwMDAsImRlbGV0ZSI6MzAwMDAwMDAwMDAwLCJ1cGRhdGUiOjEyMDAwMDAwMDAwMH19",
          "dependencies": [
            "aws_internet_gateway.recred",
            "aws_vpc.recred"
          ]
        }
      ]
    },
    {
      "mode": "managed",
      "type": "aws_route_table_association",
      "name": "recred_private",
      "provider": "provider[\"registry.terraform.io/hashicorp/aws\"]",
      "instances": [
        {
          "index_key": 0,
          "schema_version": 0,
          "attributes": {
            "gateway_id": "",
            "id": "rtbassoc-061c86ad265c62da1",
            "route_table_id": "rtb-0ba149ad7521f9647",
            "subnet_id": "subnet-0671a16eb9bde51ec"
          },
          "sensitive_attributes": [],
          "private": "bnVsbA==",
          "dependencies": [
            "aws_route_table.recred_private",
            "aws_subnet.recred_private",
            "aws_vpc.recred",
            "data.aws_availability_zones.available"
          ]
        },
        {
          "index_key": 1,
          "schema_version": 0,
          "attributes": {
            "gateway_id": "",
            "id": "rtbassoc-066aaaf2584cdb28f",
            "route_table_id": "rtb-0ba149ad7521f9647",
            "subnet_id": "subnet-05d00c8f2bcf172a5"
          },
          "sensitive_attributes": [],
          "private": "bnVsbA==",
          "dependencies": [
            "aws_route_table.recred_private",
            "aws_subnet.recred_private",
            "aws_vpc.recred",
            "data.aws_availability_zones.available"
          ]
        }
      ]
    },
    {
      "mode": "managed",
      "type": "aws_route_table_association",
      "name": "recred_public",
      "provider": "provider[\"registry.terraform.io/hashicorp/aws\"]",
      "instances": [
        {
          "index_key": 0,
          "schema_version": 0,
          "attributes": {
            "gateway_id": "",
            "id": "rtbassoc-02540ce8766951636",
            "route_table_id": "rtb-0bbc604edef1616b9",
            "subnet_id": "subnet-0a5bdd28f81e927bd"
          },
          "sensitive_attributes": [],
          "private": "bnVsbA==",
          "dependencies": [
            "aws_internet_gateway.recred",
            "aws_route_table.recred_public",
            "aws_subnet.recred_public",
            "aws_vpc.recred",
            "data.aws_availability_zones.available"
          ]
        }
      ]
    },
    {
      "mode": "managed",
      "type": "aws_security_group",
      "name": "recred_db",
      "provider": "provider[\"registry.terraform.io/hashicorp/aws\"]",
      "instances": [
        {
          "schema_version": 1,
          "attributes": {
            "arn": "arn:aws:ec2:eu-west-3:465843813700:security-group/sg-0dda8d4866a9b6511",
            "description": "Security group for recred databases",
            "egress": [],
            "id": "sg-0dda8d4866a9b6511",
            "ingress": [
              {
                "cidr_blocks": [],
                "description": "Allow postgres traffic from only recred service",
                "from_port": 5432,
                "ipv6_cidr_blocks": [],
                "prefix_list_ids": [],
                "protocol": "tcp",
                "security_groups": [
                  "sg-0fc3aaa9337191722"
                ],
                "self": false,
                "to_port": 5432
              }
            ],
            "name": "recred_db",
            "name_prefix": "",
            "owner_id": "465843813700",
            "revoke_rules_on_delete": false,
            "tags": {
              "Name": "recred_db"
            },
            "tags_all": {
              "Name": "recred_db"
            },
            "timeouts": null,
            "vpc_id": "vpc-0b3bee2397056edfa"
          },
          "sensitive_attributes": [],
          "private": "eyJlMmJmYjczMC1lY2FhLTExZTYtOGY4OC0zNDM2M2JjN2M0YzAiOnsiY3JlYXRlIjo2MDAwMDAwMDAwMDAsImRlbGV0ZSI6OTAwMDAwMDAwMDAwfSwic2NoZW1hX3ZlcnNpb24iOiIxIn0=",
          "dependencies": [
            "aws_security_group.recred_service",
            "aws_vpc.recred"
          ]
        }
      ]
    },
    {
      "mode": "managed",
      "type": "aws_security_group",
      "name": "recred_service",
      "provider": "provider[\"registry.terraform.io/hashicorp/aws\"]",
      "instances": [
        {
          "schema_version": 1,
          "attributes": {
            "arn": "arn:aws:ec2:eu-west-3:465843813700:security-group/sg-0fc3aaa9337191722",
            "description": "Security group for recred service",
            "egress": [
              {
                "cidr_blocks": [
                  "0.0.0.0/0"
                ],
                "description": "Allow all outbound traffic",
                "from_port": 0,
                "ipv6_cidr_blocks": [],
                "prefix_list_ids": [],
                "protocol": "-1",
                "security_groups": [],
                "self": false,
                "to_port": 0
              }
            ],
            "id": "sg-0fc3aaa9337191722",
            "ingress": [
              {
                "cidr_blocks": [
                  "0.0.0.0/0"
                ],
                "description": "Allow all traffic through HTTP",
                "from_port": 8080,
                "ipv6_cidr_blocks": [],
                "prefix_list_ids": [],
                "protocol": "tcp",
                "security_groups": [],
                "self": false,
                "to_port": 8080
              },
              {
                "cidr_blocks": [
                  "38.242.177.232/32"
                ],
                "description": "Allow SSH from my computer",
                "from_port": 22,
                "ipv6_cidr_blocks": [],
                "prefix_list_ids": [],
                "protocol": "tcp",
                "security_groups": [],
                "self": false,
                "to_port": 22
              }
            ],
            "name": "recred_service",
            "name_prefix": "",
            "owner_id": "465843813700",
            "revoke_rules_on_delete": false,
            "tags": {
              "Name": "recred_service"
            },
            "tags_all": {
              "Name": "recred_service"
            },
            "timeouts": null,
            "vpc_id": "vpc-0b3bee2397056edfa"
          },
          "sensitive_attributes": [],
          "private": "eyJlMmJmYjczMC1lY2FhLTExZTYtOGY4OC0zNDM2M2JjN2M0YzAiOnsiY3JlYXRlIjo2MDAwMDAwMDAwMDAsImRlbGV0ZSI6OTAwMDAwMDAwMDAwfSwic2NoZW1hX3ZlcnNpb24iOiIxIn0=",
          "dependencies": [
            "aws_vpc.recred"
          ]
        }
      ]
    },
    {
      "mode": "managed",
      "type": "aws_subnet",
      "name": "recred_private",
      "provider": "provider[\"registry.terraform.io/hashicorp/aws\"]",
      "instances": [
        {
          "index_key": 0,
          "schema_version": 1,
          "attributes": {
            "arn": "arn:aws:ec2:eu-west-3:465843813700:subnet/subnet-0671a16eb9bde51ec",
            "assign_ipv6_address_on_creation": false,
            "availability_zone": "eu-west-3a",
            "availability_zone_id": "euw3-az1",
            "cidr_block": "10.0.101.0/24",
            "customer_owned_ipv4_pool": "",
            "enable_dns64": false,
            "enable_resource_name_dns_a_record_on_launch": false,
            "enable_resource_name_dns_aaaa_record_on_launch": false,
            "id": "subnet-0671a16eb9bde51ec",
            "ipv6_cidr_block": "",
            "ipv6_cidr_block_association_id": "",
            "ipv6_native": false,
            "map_customer_owned_ip_on_launch": false,
            "map_public_ip_on_launch": false,
            "outpost_arn": "",
            "owner_id": "465843813700",
            "private_dns_hostname_type_on_launch": "ip-name",
            "tags": {
              "Name": "recred_private_0"
            },
            "tags_all": {
              "Name": "recred_private_0"
            },
            "timeouts": null,
            "vpc_id": "vpc-0b3bee2397056edfa"
          },
          "sensitive_attributes": [],
          "private": "eyJlMmJmYjczMC1lY2FhLTExZTYtOGY4OC0zNDM2M2JjN2M0YzAiOnsiY3JlYXRlIjo2MDAwMDAwMDAwMDAsImRlbGV0ZSI6MTIwMDAwMDAwMDAwMH0sInNjaGVtYV92ZXJzaW9uIjoiMSJ9",
          "dependencies": [
            "aws_vpc.recred",
            "data.aws_availability_zones.available"
          ]
        },
        {
          "index_key": 1,
          "schema_version": 1,
          "attributes": {
            "arn": "arn:aws:ec2:eu-west-3:465843813700:subnet/subnet-05d00c8f2bcf172a5",
            "assign_ipv6_address_on_creation": false,
            "availability_zone": "eu-west-3b",
            "availability_zone_id": "euw3-az2",
            "cidr_block": "10.0.102.0/24",
            "customer_owned_ipv4_pool": "",
            "enable_dns64": false,
            "enable_resource_name_dns_a_record_on_launch": false,
            "enable_resource_name_dns_aaaa_record_on_launch": false,
            "id": "subnet-05d00c8f2bcf172a5",
            "ipv6_cidr_block": "",
            "ipv6_cidr_block_association_id": "",
            "ipv6_native": false,
            "map_customer_owned_ip_on_launch": false,
            "map_public_ip_on_launch": false,
            "outpost_arn": "",
            "owner_id": "465843813700",
            "private_dns_hostname_type_on_launch": "ip-name",
            "tags": {
              "Name": "recred_private_1"
            },
            "tags_all": {
              "Name": "recred_private_1"
            },
            "timeouts": null,
            "vpc_id": "vpc-0b3bee2397056edfa"
          },
          "sensitive_attributes": [],
          "private": "eyJlMmJmYjczMC1lY2FhLTExZTYtOGY4OC0zNDM2M2JjN2M0YzAiOnsiY3JlYXRlIjo2MDAwMDAwMDAwMDAsImRlbGV0ZSI6MTIwMDAwMDAwMDAwMH0sInNjaGVtYV92ZXJzaW9uIjoiMSJ9",
          "dependencies": [
            "aws_vpc.recred",
            "data.aws_availability_zones.available"
          ]
        }
      ]
    },
    {
      "mode": "managed",
      "type": "aws_subnet",
      "name": "recred_public",
      "provider": "provider[\"registry.terraform.io/hashicorp/aws\"]",
      "instances": [
        {
          "index_key": 0,
          "schema_version": 1,
          "attributes": {
            "arn": "arn:aws:ec2:eu-west-3:465843813700:subnet/subnet-0a5bdd28f81e927bd",
            "assign_ipv6_address_on_creation": false,
            "availability_zone": "eu-west-3a",
            "availability_zone_id": "euw3-az1",
            "cidr_block": "10.0.1.0/24",
            "customer_owned_ipv4_pool": "",
            "enable_dns64": false,
            "enable_resource_name_dns_a_record_on_launch": false,
            "enable_resource_name_dns_aaaa_record_on_launch": false,
            "id": "subnet-0a5bdd28f81e927bd",
            "ipv6_cidr_block": "",
            "ipv6_cidr_block_association_id": "",
            "ipv6_native": false,
            "map_customer_owned_ip_on_launch": false,
            "map_public_ip_on_launch": false,
            "outpost_arn": "",
            "owner_id": "465843813700",
            "private_dns_hostname_type_on_launch": "ip-name",
            "tags": {
              "Name": "recred_public_0"
            },
            "tags_all": {
              "Name": "recred_public_0"
            },
            "timeouts": null,
            "vpc_id": "vpc-0b3bee2397056edfa"
          },
          "sensitive_attributes": [],
          "private": "eyJlMmJmYjczMC1lY2FhLTExZTYtOGY4OC0zNDM2M2JjN2M0YzAiOnsiY3JlYXRlIjo2MDAwMDAwMDAwMDAsImRlbGV0ZSI6MTIwMDAwMDAwMDAwMH0sInNjaGVtYV92ZXJzaW9uIjoiMSJ9",
          "dependencies": [
            "aws_vpc.recred",
            "data.aws_availability_zones.available"
          ]
        }
      ]
    },
    {
      "mode": "managed",
      "type": "aws_vpc",
      "name": "recred",
      "provider": "provider[\"registry.terraform.io/hashicorp/aws\"]",
      "instances": [
        {
          "schema_version": 1,
          "attributes": {
            "arn": "arn:aws:ec2:eu-west-3:465843813700:vpc/vpc-0b3bee2397056edfa",
            "assign_generated_ipv6_cidr_block": false,
            "cidr_block": "10.0.0.0/16",
            "default_network_acl_id": "acl-0214a1185ecd98cbb",
            "default_route_table_id": "rtb-0e5ab03d60e8bc1e6",
            "default_security_group_id": "sg-0429cc80177a23b47",
            "dhcp_options_id": "dopt-063529e734e87c7ae",
            "enable_classiclink": false,
            "enable_classiclink_dns_support": false,
            "enable_dns_hostnames": true,
            "enable_dns_support": true,
            "enable_network_address_usage_metrics": false,
            "id": "vpc-0b3bee2397056edfa",
            "instance_tenancy": "default",
            "ipv4_ipam_pool_id": null,
            "ipv4_netmask_length": null,
            "ipv6_association_id": "",
            "ipv6_cidr_block": "",
            "ipv6_cidr_block_network_border_group": "",
            "ipv6_ipam_pool_id": "",
            "ipv6_netmask_length": 0,
            "main_route_table_id": "rtb-0e5ab03d60e8bc1e6",
            "owner_id": "465843813700",
            "tags": {
              "Name": "recred"
            },
            "tags_all": {
              "Name": "recred"
            }
          },
          "sensitive_attributes": [],
          "private": "eyJzY2hlbWFfdmVyc2lvbiI6IjEifQ=="
        }
      ]
    },
    {
      "mode": "managed",
      "type": "local_file",
      "name": "recred",
      "provider": "provider[\"registry.terraform.io/hashicorp/local\"]",
      "instances": [
        {
          "schema_version": 0,
          "attributes": {
            "content": "-----BEGIN RSA PRIVATE KEY-----\nMIIJKAIBAAKCAgEAq93tjqTjo1Q5CKN2gox19MnIG2WR63Su5UZiiJVlNcwrEWOP\nsaxb3M1LoqTWw/pmUSvpIlkv6jxcLmqle341RP/lChPfeL2jBbc451p5//TXZADG\n+OXKg7DTfSaNVLGClVhQ/UFQalr8SlF2u9T5AMZ8ff+EEHmqj5rPfa4EQa969eV9\nvr4wJKdvEwqNRRnsTMxw7fBBKLHjQa0hLtKm6MblDOxhdbuyBG2EEY/LFcjNsojw\nX0V4NSurqNeShnbNIpJe5xGsl+JaIAfX53f8AuAkU1D527dOhP5uDlq5UchkHVjN\n7ei+Lhoro08ef4vaQSqtyYqaQuZlfcKkWNAzkR+bAuVcFjb2HfNAPZ3xZ4WbrT40\nZ4Crfz7HGdVHlJwceOB0tfMd7UOaoac0ngp+S+RvOeUmXg2DAbp+Hcb7R7Mt8fDe\nOgUNF4vq8VfdW4fm9kdIN1YgbilapA70lStwzCTroa+tCm39o/jiJfhhzZFD5EFI\n45Gfvg/epHjZPaphyeBEwFbvLQwQQNkzp8Rh3iPRH9tH8dey/+ZPhBN7exh0Cxrg\n6Ik8Od2MPScwAoDEkjYVROUOnYVqUfNW4WjfWqDALsewUv0+S4w5UkHk9FnlSqZu\nrUom3SM7fNyFEb8/GUgK3ckSC1h14WOCjfbDk3nxAXZ0L0Ks7VxmnihnBWcCAwEA\nAQKCAgAZLOkffAfcZPn1yfwSI4Ej2mr1mGtHklAMRcMpPrkUqFOmuG7UF+tc7LWn\nnX3YN1XFjikYXvgl17GpGvYioNoswU9Lqp2RkjXPIIe1XAuC8tqaS4LZ8s83ey9/\npaYOQfJe7hDvCCI/chSCzmwWF5xiALE7w7IUt73ES2kZf+QfuxTH8FX7GuDyfZRH\ntcP721BB77CbKhZhX61qcXHq6fCJKJlkyzt7g4MQIvq1l9qn1kJLZMPRMNvq7fq3\nQNy11bE23zoHnw8pMH8DMiLuRSUlRrALhFEVXkSiNqLod2GuGSyRH/EKaI1zM2Ix\nCeXtyQ6vfRD39NWj9xvm0BxC5jynR+WoXAvWaXVB5dCoqegaKa7M8LUrI02/O9+d\nIIk+oLSMXZBOzxdjXOj3saZpAazI44aV1IVf1ijRdfh+i6eUsRtwDhcZ5srCGU4s\n9sc6eVXIkfoZv6qxV50BD5LlbmEDPy9mFzWFa1gxTBxNU0fqYg2dP3DA9wpWGrcg\nMsGPa3jlqt5Z3D6tOfpVqbHF3pxodHAAGDsdokq3L4O4kayrUD80CM2HWDLz6/2S\nD8Hly8iIl/ufYYwsVaj1PdlyoeskEvke0GJZjgu0iyE0cCiz5q+6nDmvqKP62/Vb\nETXplBZjJ1kjndwN3TDUi8MASJZTwtLSrR2jYe8T0UtJCiQwAQKCAQEA365t2244\nxBkwE2GZu+QDIyWPei9l5nfNczphqX8pXsbgso/M1C2m3w58w1iH6az59eUQcOLc\nsAmeK714aFOXd2rRrb8BTj+3Xk8xCpEQOiD1C/hR+KQ1BLoacPeD4iLc/3kBlBHA\nGOue1sqOXYp6fXkGwDzQ/4hpaoLHvLdztkjNS0kR+hRIkwHaSLjc7NLKHeOt0mY4\n4kiXKMq0nRrCMO0U9X3EWKGEXkHq+CubSU9B1XSo+6aWyvkr1rG2qN88g+xvk8bQ\nUwstlQLJmqka20/wWUyeKx1N8+nFf8//umvLx6rSnlfBPfSV3xEk0KJlXbbp+j52\nwwS5qWmrKY3/lwKCAQEAxLL5r8pi2qiSswBjLLLUjOOXzjQM5XwpAVclZMlLZqLm\nM/TLRSxemSATHRVm+rCclxZJKHHlUwDdndjYdYgbGFhtqVTEt4gEw1xv9N3BDHyR\nPPKR55tXzTRcDhiq2jMCxIYchK8BxqCdw9zjIs7afdG15xLjbfMj3whfCAghf9KO\nZsvEsYi4S6DBw3s7C40u4W91OoC2d8DFDd4x4OehF+MB4RQ0QB3MkL5tIonNQHZ6\nLVCgQP3Xvv6C8ZY4huLxyiDtB4H99gGN/yqZQcNr23/8HaiRnoN+HqxoriytDxD5\n72hI2NEET3JQum2tG0liWKNU7USkB7K3GkPtTdrisQKCAQEApE3wjFquf/0wf0wW\nLRoT4+FXPx1J8LzXwWiFDIhHz0KvEvrmLoVKKlbt9mA1lcRl5+XW6dT63qRx9xc6\nNwgQHrvsQYAoaV4MR85L68Ma9Ff5KE3DiKy19T7u5UQrMBUD2PT939IaFTQefRBU\n+wkZaMlZ2CPUMZ/2LzLZnRn0eVWI12BZQCVeGf4mZXzFa4B6zvHLYN2Ns0o3HtOn\nUC+zrVS5LIqxi5k5LjOlcZ42ductKKqE5jU8VuQo+4+W6Pzx6sXmP9qudBGl7esa\nQ+0ruSVDG5VYKbtg42Y4mOYkpr8/9O7Zv04euG/NFwn0zPw9EVWnERaJDj+OUY85\nF1EjCQKCAQAM/imCFCNNgD8YddkXNcTWfZ4kb8m+SuJGhWQh8S363J3KJsxaiGDD\nSpwYmrZPruTZEg7JDiTww6jf6Vf7A3+OryCnQ8MuwFxYLz3x9cfvtDa/yOIcY2V8\nV44RHE4E1cPECXvOw+ShIzDopCmYvgMutnCGj/fX5myjKeFlHWxhDh576c/XTkmm\nLTs/V1+CFtRW7c7Xi3MCHAioLtoqmgJJGqSgIn6FEbLWiM2ar3GQZYMShTXgtSPQ\nKO2rWZnoRwtjp6MgkNSesGGZzk2LS4ZPXHfh2aWsy9DD4+2SO78+tIdd6gyNzdi0\nCsAMYHxDxigp5LgSaCtRmtt/b6c4MlIxAoIBAHRdHjALL2I7DpqO2DvDWmJwFWlT\n6vXfrIshsJ47eA7xjHRmWHK1CIEdcbArUFDmKRdF/gcty5ZRm3YSyQDLs7a83yUv\nplOw7dcTNmDtqmpxDdhMfPHn42ZL3bRMi11wQxSip/uauvTZKUcm9EwYkbJ0cMGN\nFEedCfuMjkkF68JeTlTlathObTAyY6jVxLyK+aSxazv3omUOkWaGVtraISmm9GNO\nWxhUYZITGhluzV52/nxpjv6G/8o4m11qBFH0Jk5gUtpTkfUWlc08kPGflui2MZyn\npb4M2E8mnx2ZRbqLk+hpWQ12PojnyIG6UHjIR4HP9i4325cG7PnStMniqfU=\n-----END RSA PRIVATE KEY-----\n",
            "content_base64": null,
            "directory_permission": "0777",
            "file_permission": "0777",
            "filename": "recred.pem",
            "id": "c0ca32ae41adb97b42a6f100ef8555c859a47461",
            "sensitive_content": null,
            "source": null
          },
          "sensitive_attributes": [
            [
              {
                "type": "get_attr",
                "value": "content"
              }
            ]
          ],
          "private": "bnVsbA==",
          "dependencies": [
            "aws_key_pair.recred",
            "tls_private_key.recred"
          ]
        }
      ]
    },
    {
      "mode": "managed",
      "type": "tls_private_key",
      "name": "recred",
      "provider": "provider[\"registry.terraform.io/hashicorp/tls\"]",
      "instances": [
        {
          "schema_version": 1,
          "attributes": {
            "algorithm": "RSA",
            "ecdsa_curve": "P224",
            "id": "e5e6a85702e78ac9fcb9ae817ef51a4aa9a07292",
            "private_key_openssh": "-----BEGIN OPENSSH PRIVATE KEY-----\nb3BlbnNzaC1rZXktdjEAAAAABG5vbmUAAAAEbm9uZQAAAAAAAAABAAACFwAAAAdz\nc2gtcnNhAAAAAwEAAQAAAgEAq93tjqTjo1Q5CKN2gox19MnIG2WR63Su5UZiiJVl\nNcwrEWOPsaxb3M1LoqTWw/pmUSvpIlkv6jxcLmqle341RP/lChPfeL2jBbc451p5\n//TXZADG+OXKg7DTfSaNVLGClVhQ/UFQalr8SlF2u9T5AMZ8ff+EEHmqj5rPfa4E\nQa969eV9vr4wJKdvEwqNRRnsTMxw7fBBKLHjQa0hLtKm6MblDOxhdbuyBG2EEY/L\nFcjNsojwX0V4NSurqNeShnbNIpJe5xGsl+JaIAfX53f8AuAkU1D527dOhP5uDlq5\nUchkHVjN7ei+Lhoro08ef4vaQSqtyYqaQuZlfcKkWNAzkR+bAuVcFjb2HfNAPZ3x\nZ4WbrT40Z4Crfz7HGdVHlJwceOB0tfMd7UOaoac0ngp+S+RvOeUmXg2DAbp+Hcb7\nR7Mt8fDeOgUNF4vq8VfdW4fm9kdIN1YgbilapA70lStwzCTroa+tCm39o/jiJfhh\nzZFD5EFI45Gfvg/epHjZPaphyeBEwFbvLQwQQNkzp8Rh3iPRH9tH8dey/+ZPhBN7\nexh0Cxrg6Ik8Od2MPScwAoDEkjYVROUOnYVqUfNW4WjfWqDALsewUv0+S4w5UkHk\n9FnlSqZurUom3SM7fNyFEb8/GUgK3ckSC1h14WOCjfbDk3nxAXZ0L0Ks7Vxmnihn\nBWcAAAc4jn+Qt45/kLcAAAAHc3NoLXJzYQAAAgEAq93tjqTjo1Q5CKN2gox19MnI\nG2WR63Su5UZiiJVlNcwrEWOPsaxb3M1LoqTWw/pmUSvpIlkv6jxcLmqle341RP/l\nChPfeL2jBbc451p5//TXZADG+OXKg7DTfSaNVLGClVhQ/UFQalr8SlF2u9T5AMZ8\nff+EEHmqj5rPfa4EQa969eV9vr4wJKdvEwqNRRnsTMxw7fBBKLHjQa0hLtKm6Mbl\nDOxhdbuyBG2EEY/LFcjNsojwX0V4NSurqNeShnbNIpJe5xGsl+JaIAfX53f8AuAk\nU1D527dOhP5uDlq5UchkHVjN7ei+Lhoro08ef4vaQSqtyYqaQuZlfcKkWNAzkR+b\nAuVcFjb2HfNAPZ3xZ4WbrT40Z4Crfz7HGdVHlJwceOB0tfMd7UOaoac0ngp+S+Rv\nOeUmXg2DAbp+Hcb7R7Mt8fDeOgUNF4vq8VfdW4fm9kdIN1YgbilapA70lStwzCTr\noa+tCm39o/jiJfhhzZFD5EFI45Gfvg/epHjZPaphyeBEwFbvLQwQQNkzp8Rh3iPR\nH9tH8dey/+ZPhBN7exh0Cxrg6Ik8Od2MPScwAoDEkjYVROUOnYVqUfNW4WjfWqDA\nLsewUv0+S4w5UkHk9FnlSqZurUom3SM7fNyFEb8/GUgK3ckSC1h14WOCjfbDk3nx\nAXZ0L0Ks7VxmnihnBWcAAAADAQABAAACABks6R98B9xk+fXJ/BIjgSPaavWYa0eS\nUAxFwyk+uRSoU6a4btQX61zstaedfdg3VcWOKRhe+CXXsaka9iKg2izBT0uqnZGS\nNc8gh7VcC4Ly2ppLgtnyzzd7L3+lpg5B8l7uEO8IIj9yFILObBYXnGIAsTvDshS3\nvcRLaRl/5B+7FMfwVfsa4PJ9lEe1w/vbUEHvsJsqFmFfrWpxcerp8IkomWTLO3uD\ngxAi+rWX2qfWQktkw9Ew2+rt+rdA3LXVsTbfOgefDykwfwMyIu5FJSVGsAuEURVe\nRKI2ouh3Ya4ZLJEf8QpojXMzYjEJ5e3JDq99EPf01aP3G+bQHELmPKdH5ahcC9Zp\ndUHl0Kip6BoprszwtSsjTb87350giT6gtIxdkE7PF2Nc6PexpmkBrMjjhpXUhV/W\nKNF1+H6Lp5SxG3AOFxnmysIZTiz2xzp5VciR+hm/qrFXnQEPkuVuYQM/L2YXNYVr\nWDFMHE1TR+piDZ0/cMD3ClYatyAywY9reOWq3lncPq05+lWpscXenGh0cAAYOx2i\nSrcvg7iRrKtQPzQIzYdYMvPr/ZIPweXLyIiX+59hjCxVqPU92XKh6yQS+R7QYlmO\nC7SLITRwKLPmr7qcOa+oo/rb9VsRNemUFmMnWSOd3A3dMNSLwwBIllPC0tKtHaNh\n7xPRS0kKJDABAAABAHRdHjALL2I7DpqO2DvDWmJwFWlT6vXfrIshsJ47eA7xjHRm\nWHK1CIEdcbArUFDmKRdF/gcty5ZRm3YSyQDLs7a83yUvplOw7dcTNmDtqmpxDdhM\nfPHn42ZL3bRMi11wQxSip/uauvTZKUcm9EwYkbJ0cMGNFEedCfuMjkkF68JeTlTl\nathObTAyY6jVxLyK+aSxazv3omUOkWaGVtraISmm9GNOWxhUYZITGhluzV52/nxp\njv6G/8o4m11qBFH0Jk5gUtpTkfUWlc08kPGflui2MZynpb4M2E8mnx2ZRbqLk+hp\nWQ12PojnyIG6UHjIR4HP9i4325cG7PnStMniqfUAAAEBAN+ubdtuOMQZMBNhmbvk\nAyMlj3ovZeZ3zXM6Yal/KV7G4LKPzNQtpt8OfMNYh+ms+fXlEHDi3LAJniu9eGhT\nl3dq0a2/AU4/t15PMQqREDog9Qv4UfikNQS6GnD3g+Ii3P95AZQRwBjrntbKjl2K\nen15BsA80P+IaWqCx7y3c7ZIzUtJEfoUSJMB2ki43OzSyh3jrdJmOOJIlyjKtJ0a\nwjDtFPV9xFihhF5B6vgrm0lPQdV0qPumlsr5K9axtqjfPIPsb5PG0FMLLZUCyZqp\nGttP8FlMnisdTfPpxX/P/7pry8eq0p5XwT30ld8RJNCiZV226fo+dsMEualpqymN\n/5cAAAEBAMSy+a/KYtqokrMAYyyy1Izjl840DOV8KQFXJWTJS2ai5jP0y0UsXpkg\nEx0VZvqwnJcWSShx5VMA3Z3Y2HWIGxhYbalUxLeIBMNcb/TdwQx8kTzykeebV800\nXA4YqtozAsSGHISvAcagncPc4yLO2n3RtecS423zI98IXwgIIX/SjmbLxLGIuEug\nwcN7OwuNLuFvdTqAtnfAxQ3eMeDnoRfjAeEUNEAdzJC+bSKJzUB2ei1QoED9177+\ngvGWOIbi8cog7QeB/fYBjf8qmUHDa9t//B2okZ6Dfh6saK4srQ8Q+e9oSNjRBE9y\nULptrRtJYlijVO1EpAeytxpD7U3a4rEAAAAAAQID\n-----END OPENSSH PRIVATE KEY-----\n",
            "private_key_pem": "-----BEGIN RSA PRIVATE KEY-----\nMIIJKAIBAAKCAgEAq93tjqTjo1Q5CKN2gox19MnIG2WR63Su5UZiiJVlNcwrEWOP\nsaxb3M1LoqTWw/pmUSvpIlkv6jxcLmqle341RP/lChPfeL2jBbc451p5//TXZADG\n+OXKg7DTfSaNVLGClVhQ/UFQalr8SlF2u9T5AMZ8ff+EEHmqj5rPfa4EQa969eV9\nvr4wJKdvEwqNRRnsTMxw7fBBKLHjQa0hLtKm6MblDOxhdbuyBG2EEY/LFcjNsojw\nX0V4NSurqNeShnbNIpJe5xGsl+JaIAfX53f8AuAkU1D527dOhP5uDlq5UchkHVjN\n7ei+Lhoro08ef4vaQSqtyYqaQuZlfcKkWNAzkR+bAuVcFjb2HfNAPZ3xZ4WbrT40\nZ4Crfz7HGdVHlJwceOB0tfMd7UOaoac0ngp+S+RvOeUmXg2DAbp+Hcb7R7Mt8fDe\nOgUNF4vq8VfdW4fm9kdIN1YgbilapA70lStwzCTroa+tCm39o/jiJfhhzZFD5EFI\n45Gfvg/epHjZPaphyeBEwFbvLQwQQNkzp8Rh3iPRH9tH8dey/+ZPhBN7exh0Cxrg\n6Ik8Od2MPScwAoDEkjYVROUOnYVqUfNW4WjfWqDALsewUv0+S4w5UkHk9FnlSqZu\nrUom3SM7fNyFEb8/GUgK3ckSC1h14WOCjfbDk3nxAXZ0L0Ks7VxmnihnBWcCAwEA\nAQKCAgAZLOkffAfcZPn1yfwSI4Ej2mr1mGtHklAMRcMpPrkUqFOmuG7UF+tc7LWn\nnX3YN1XFjikYXvgl17GpGvYioNoswU9Lqp2RkjXPIIe1XAuC8tqaS4LZ8s83ey9/\npaYOQfJe7hDvCCI/chSCzmwWF5xiALE7w7IUt73ES2kZf+QfuxTH8FX7GuDyfZRH\ntcP721BB77CbKhZhX61qcXHq6fCJKJlkyzt7g4MQIvq1l9qn1kJLZMPRMNvq7fq3\nQNy11bE23zoHnw8pMH8DMiLuRSUlRrALhFEVXkSiNqLod2GuGSyRH/EKaI1zM2Ix\nCeXtyQ6vfRD39NWj9xvm0BxC5jynR+WoXAvWaXVB5dCoqegaKa7M8LUrI02/O9+d\nIIk+oLSMXZBOzxdjXOj3saZpAazI44aV1IVf1ijRdfh+i6eUsRtwDhcZ5srCGU4s\n9sc6eVXIkfoZv6qxV50BD5LlbmEDPy9mFzWFa1gxTBxNU0fqYg2dP3DA9wpWGrcg\nMsGPa3jlqt5Z3D6tOfpVqbHF3pxodHAAGDsdokq3L4O4kayrUD80CM2HWDLz6/2S\nD8Hly8iIl/ufYYwsVaj1PdlyoeskEvke0GJZjgu0iyE0cCiz5q+6nDmvqKP62/Vb\nETXplBZjJ1kjndwN3TDUi8MASJZTwtLSrR2jYe8T0UtJCiQwAQKCAQEA365t2244\nxBkwE2GZu+QDIyWPei9l5nfNczphqX8pXsbgso/M1C2m3w58w1iH6az59eUQcOLc\nsAmeK714aFOXd2rRrb8BTj+3Xk8xCpEQOiD1C/hR+KQ1BLoacPeD4iLc/3kBlBHA\nGOue1sqOXYp6fXkGwDzQ/4hpaoLHvLdztkjNS0kR+hRIkwHaSLjc7NLKHeOt0mY4\n4kiXKMq0nRrCMO0U9X3EWKGEXkHq+CubSU9B1XSo+6aWyvkr1rG2qN88g+xvk8bQ\nUwstlQLJmqka20/wWUyeKx1N8+nFf8//umvLx6rSnlfBPfSV3xEk0KJlXbbp+j52\nwwS5qWmrKY3/lwKCAQEAxLL5r8pi2qiSswBjLLLUjOOXzjQM5XwpAVclZMlLZqLm\nM/TLRSxemSATHRVm+rCclxZJKHHlUwDdndjYdYgbGFhtqVTEt4gEw1xv9N3BDHyR\nPPKR55tXzTRcDhiq2jMCxIYchK8BxqCdw9zjIs7afdG15xLjbfMj3whfCAghf9KO\nZsvEsYi4S6DBw3s7C40u4W91OoC2d8DFDd4x4OehF+MB4RQ0QB3MkL5tIonNQHZ6\nLVCgQP3Xvv6C8ZY4huLxyiDtB4H99gGN/yqZQcNr23/8HaiRnoN+HqxoriytDxD5\n72hI2NEET3JQum2tG0liWKNU7USkB7K3GkPtTdrisQKCAQEApE3wjFquf/0wf0wW\nLRoT4+FXPx1J8LzXwWiFDIhHz0KvEvrmLoVKKlbt9mA1lcRl5+XW6dT63qRx9xc6\nNwgQHrvsQYAoaV4MR85L68Ma9Ff5KE3DiKy19T7u5UQrMBUD2PT939IaFTQefRBU\n+wkZaMlZ2CPUMZ/2LzLZnRn0eVWI12BZQCVeGf4mZXzFa4B6zvHLYN2Ns0o3HtOn\nUC+zrVS5LIqxi5k5LjOlcZ42ductKKqE5jU8VuQo+4+W6Pzx6sXmP9qudBGl7esa\nQ+0ruSVDG5VYKbtg42Y4mOYkpr8/9O7Zv04euG/NFwn0zPw9EVWnERaJDj+OUY85\nF1EjCQKCAQAM/imCFCNNgD8YddkXNcTWfZ4kb8m+SuJGhWQh8S363J3KJsxaiGDD\nSpwYmrZPruTZEg7JDiTww6jf6Vf7A3+OryCnQ8MuwFxYLz3x9cfvtDa/yOIcY2V8\nV44RHE4E1cPECXvOw+ShIzDopCmYvgMutnCGj/fX5myjKeFlHWxhDh576c/XTkmm\nLTs/V1+CFtRW7c7Xi3MCHAioLtoqmgJJGqSgIn6FEbLWiM2ar3GQZYMShTXgtSPQ\nKO2rWZnoRwtjp6MgkNSesGGZzk2LS4ZPXHfh2aWsy9DD4+2SO78+tIdd6gyNzdi0\nCsAMYHxDxigp5LgSaCtRmtt/b6c4MlIxAoIBAHRdHjALL2I7DpqO2DvDWmJwFWlT\n6vXfrIshsJ47eA7xjHRmWHK1CIEdcbArUFDmKRdF/gcty5ZRm3YSyQDLs7a83yUv\nplOw7dcTNmDtqmpxDdhMfPHn42ZL3bRMi11wQxSip/uauvTZKUcm9EwYkbJ0cMGN\nFEedCfuMjkkF68JeTlTlathObTAyY6jVxLyK+aSxazv3omUOkWaGVtraISmm9GNO\nWxhUYZITGhluzV52/nxpjv6G/8o4m11qBFH0Jk5gUtpTkfUWlc08kPGflui2MZyn\npb4M2E8mnx2ZRbqLk+hpWQ12PojnyIG6UHjIR4HP9i4325cG7PnStMniqfU=\n-----END RSA PRIVATE KEY-----\n",
            "private_key_pem_pkcs8": "-----BEGIN PRIVATE KEY-----\nMIIJQgIBADANBgkqhkiG9w0BAQEFAASCCSwwggkoAgEAAoICAQCr3e2OpOOjVDkI\no3aCjHX0ycgbZZHrdK7lRmKIlWU1zCsRY4+xrFvczUuipNbD+mZRK+kiWS/qPFwu\naqV7fjVE/+UKE994vaMFtzjnWnn/9NdkAMb45cqDsNN9Jo1UsYKVWFD9QVBqWvxK\nUXa71PkAxnx9/4QQeaqPms99rgRBr3r15X2+vjAkp28TCo1FGexMzHDt8EEoseNB\nrSEu0qboxuUM7GF1u7IEbYQRj8sVyM2yiPBfRXg1K6uo15KGds0ikl7nEayX4log\nB9fnd/wC4CRTUPnbt06E/m4OWrlRyGQdWM3t6L4uGiujTx5/i9pBKq3JippC5mV9\nwqRY0DORH5sC5VwWNvYd80A9nfFnhZutPjRngKt/PscZ1UeUnBx44HS18x3tQ5qh\npzSeCn5L5G855SZeDYMBun4dxvtHsy3x8N46BQ0Xi+rxV91bh+b2R0g3ViBuKVqk\nDvSVK3DMJOuhr60Kbf2j+OIl+GHNkUPkQUjjkZ++D96keNk9qmHJ4ETAVu8tDBBA\n2TOnxGHeI9Ef20fx17L/5k+EE3t7GHQLGuDoiTw53Yw9JzACgMSSNhVE5Q6dhWpR\n81bhaN9aoMAux7BS/T5LjDlSQeT0WeVKpm6tSibdIzt83IURvz8ZSArdyRILWHXh\nY4KN9sOTefEBdnQvQqztXGaeKGcFZwIDAQABAoICABks6R98B9xk+fXJ/BIjgSPa\navWYa0eSUAxFwyk+uRSoU6a4btQX61zstaedfdg3VcWOKRhe+CXXsaka9iKg2izB\nT0uqnZGSNc8gh7VcC4Ly2ppLgtnyzzd7L3+lpg5B8l7uEO8IIj9yFILObBYXnGIA\nsTvDshS3vcRLaRl/5B+7FMfwVfsa4PJ9lEe1w/vbUEHvsJsqFmFfrWpxcerp8Iko\nmWTLO3uDgxAi+rWX2qfWQktkw9Ew2+rt+rdA3LXVsTbfOgefDykwfwMyIu5FJSVG\nsAuEURVeRKI2ouh3Ya4ZLJEf8QpojXMzYjEJ5e3JDq99EPf01aP3G+bQHELmPKdH\n5ahcC9ZpdUHl0Kip6BoprszwtSsjTb87350giT6gtIxdkE7PF2Nc6PexpmkBrMjj\nhpXUhV/WKNF1+H6Lp5SxG3AOFxnmysIZTiz2xzp5VciR+hm/qrFXnQEPkuVuYQM/\nL2YXNYVrWDFMHE1TR+piDZ0/cMD3ClYatyAywY9reOWq3lncPq05+lWpscXenGh0\ncAAYOx2iSrcvg7iRrKtQPzQIzYdYMvPr/ZIPweXLyIiX+59hjCxVqPU92XKh6yQS\n+R7QYlmOC7SLITRwKLPmr7qcOa+oo/rb9VsRNemUFmMnWSOd3A3dMNSLwwBIllPC\n0tKtHaNh7xPRS0kKJDABAoIBAQDfrm3bbjjEGTATYZm75AMjJY96L2Xmd81zOmGp\nfylexuCyj8zULabfDnzDWIfprPn15RBw4tywCZ4rvXhoU5d3atGtvwFOP7deTzEK\nkRA6IPUL+FH4pDUEuhpw94PiItz/eQGUEcAY657Wyo5dinp9eQbAPND/iGlqgse8\nt3O2SM1LSRH6FEiTAdpIuNzs0sod463SZjjiSJcoyrSdGsIw7RT1fcRYoYReQer4\nK5tJT0HVdKj7ppbK+SvWsbao3zyD7G+TxtBTCy2VAsmaqRrbT/BZTJ4rHU3z6cV/\nz/+6a8vHqtKeV8E99JXfESTQomVdtun6PnbDBLmpaaspjf+XAoIBAQDEsvmvymLa\nqJKzAGMsstSM45fONAzlfCkBVyVkyUtmouYz9MtFLF6ZIBMdFWb6sJyXFkkoceVT\nAN2d2Nh1iBsYWG2pVMS3iATDXG/03cEMfJE88pHnm1fNNFwOGKraMwLEhhyErwHG\noJ3D3OMiztp90bXnEuNt8yPfCF8ICCF/0o5my8SxiLhLoMHDezsLjS7hb3U6gLZ3\nwMUN3jHg56EX4wHhFDRAHcyQvm0iic1AdnotUKBA/de+/oLxljiG4vHKIO0Hgf32\nAY3/KplBw2vbf/wdqJGeg34erGiuLK0PEPnvaEjY0QRPclC6ba0bSWJYo1TtRKQH\nsrcaQ+1N2uKxAoIBAQCkTfCMWq5//TB/TBYtGhPj4Vc/HUnwvNfBaIUMiEfPQq8S\n+uYuhUoqVu32YDWVxGXn5dbp1PrepHH3Fzo3CBAeu+xBgChpXgxHzkvrwxr0V/ko\nTcOIrLX1Pu7lRCswFQPY9P3f0hoVNB59EFT7CRloyVnYI9Qxn/YvMtmdGfR5VYjX\nYFlAJV4Z/iZlfMVrgHrO8ctg3Y2zSjce06dQL7OtVLksirGLmTkuM6VxnjZ25y0o\nqoTmNTxW5Cj7j5bo/PHqxeY/2q50EaXt6xpD7Su5JUMblVgpu2DjZjiY5iSmvz/0\n7tm/Th64b80XCfTM/D0RVacRFokOP45RjzkXUSMJAoIBAAz+KYIUI02APxh12Rc1\nxNZ9niRvyb5K4kaFZCHxLfrcncomzFqIYMNKnBiatk+u5NkSDskOJPDDqN/pV/sD\nf46vIKdDwy7AXFgvPfH1x++0Nr/I4hxjZXxXjhEcTgTVw8QJe87D5KEjMOikKZi+\nAy62cIaP99fmbKMp4WUdbGEOHnvpz9dOSaYtOz9XX4IW1FbtzteLcwIcCKgu2iqa\nAkkapKAifoURstaIzZqvcZBlgxKFNeC1I9Ao7atZmehHC2OnoyCQ1J6wYZnOTYtL\nhk9cd+HZpazL0MPj7ZI7vz60h13qDI3N2LQKwAxgfEPGKCnkuBJoK1Ga239vpzgy\nUjECggEAdF0eMAsvYjsOmo7YO8NaYnAVaVPq9d+siyGwnjt4DvGMdGZYcrUIgR1x\nsCtQUOYpF0X+By3LllGbdhLJAMuztrzfJS+mU7Dt1xM2YO2qanEN2Ex88efjZkvd\ntEyLXXBDFKKn+5q69NkpRyb0TBiRsnRwwY0UR50J+4yOSQXrwl5OVOVq2E5tMDJj\nqNXEvIr5pLFrO/eiZQ6RZoZW2tohKab0Y05bGFRhkhMaGW7NXnb+fGmO/ob/yjib\nXWoEUfQmTmBS2lOR9RaVzTyQ8Z+W6LYxnKelvgzYTyafHZlFuouT6GlZDXY+iOfI\ngbpQeMhHgc/2Ljfblwbs+dK0yeKp9Q==\n-----END PRIVATE KEY-----\n",
            "public_key_fingerprint_md5": "4e:92:55:dc:dc:1f:9e:7b:7f:55:2a:f8:ad:c9:97:f1",
            "public_key_fingerprint_sha256": "SHA256:1U6QgzEbUfYiWRQlgSNbnE2TVnPAmV9MYCg27ehOv0o",
            "public_key_openssh": "ssh-rsa AAAAB3NzaC1yc2EAAAADAQABAAACAQCr3e2OpOOjVDkIo3aCjHX0ycgbZZHrdK7lRmKIlWU1zCsRY4+xrFvczUuipNbD+mZRK+kiWS/qPFwuaqV7fjVE/+UKE994vaMFtzjnWnn/9NdkAMb45cqDsNN9Jo1UsYKVWFD9QVBqWvxKUXa71PkAxnx9/4QQeaqPms99rgRBr3r15X2+vjAkp28TCo1FGexMzHDt8EEoseNBrSEu0qboxuUM7GF1u7IEbYQRj8sVyM2yiPBfRXg1K6uo15KGds0ikl7nEayX4logB9fnd/wC4CRTUPnbt06E/m4OWrlRyGQdWM3t6L4uGiujTx5/i9pBKq3JippC5mV9wqRY0DORH5sC5VwWNvYd80A9nfFnhZutPjRngKt/PscZ1UeUnBx44HS18x3tQ5qhpzSeCn5L5G855SZeDYMBun4dxvtHsy3x8N46BQ0Xi+rxV91bh+b2R0g3ViBuKVqkDvSVK3DMJOuhr60Kbf2j+OIl+GHNkUPkQUjjkZ++D96keNk9qmHJ4ETAVu8tDBBA2TOnxGHeI9Ef20fx17L/5k+EE3t7GHQLGuDoiTw53Yw9JzACgMSSNhVE5Q6dhWpR81bhaN9aoMAux7BS/T5LjDlSQeT0WeVKpm6tSibdIzt83IURvz8ZSArdyRILWHXhY4KN9sOTefEBdnQvQqztXGaeKGcFZw==\n",
            "public_key_pem": "-----BEGIN PUBLIC KEY-----\nMIICIjANBgkqhkiG9w0BAQEFAAOCAg8AMIICCgKCAgEAq93tjqTjo1Q5CKN2gox1\n9MnIG2WR63Su5UZiiJVlNcwrEWOPsaxb3M1LoqTWw/pmUSvpIlkv6jxcLmqle341\nRP/lChPfeL2jBbc451p5//TXZADG+OXKg7DTfSaNVLGClVhQ/UFQalr8SlF2u9T5\nAMZ8ff+EEHmqj5rPfa4EQa969eV9vr4wJKdvEwqNRRnsTMxw7fBBKLHjQa0hLtKm\n6MblDOxhdbuyBG2EEY/LFcjNsojwX0V4NSurqNeShnbNIpJe5xGsl+JaIAfX53f8\nAuAkU1D527dOhP5uDlq5UchkHVjN7ei+Lhoro08ef4vaQSqtyYqaQuZlfcKkWNAz\nkR+bAuVcFjb2HfNAPZ3xZ4WbrT40Z4Crfz7HGdVHlJwceOB0tfMd7UOaoac0ngp+\nS+RvOeUmXg2DAbp+Hcb7R7Mt8fDeOgUNF4vq8VfdW4fm9kdIN1YgbilapA70lStw\nzCTroa+tCm39o/jiJfhhzZFD5EFI45Gfvg/epHjZPaphyeBEwFbvLQwQQNkzp8Rh\n3iPRH9tH8dey/+ZPhBN7exh0Cxrg6Ik8Od2MPScwAoDEkjYVROUOnYVqUfNW4Wjf\nWqDALsewUv0+S4w5UkHk9FnlSqZurUom3SM7fNyFEb8/GUgK3ckSC1h14WOCjfbD\nk3nxAXZ0L0Ks7VxmnihnBWcCAwEAAQ==\n-----END PUBLIC KEY-----\n",
            "rsa_bits": 4096
          },
          "sensitive_attributes": []
        }
      ]
    }
  ],
  "check_results": null
}
